PODS:
  - Alamofire (5.2.2)
  - Kingfisher/Core (5.15.4)
  - Kingfisher/SwiftUI (5.15.4):
    - Kingfisher/Core
  - Moya (14.0.0):
    - Moya/Core (= 14.0.0)
  - Moya/Core (14.0.0):
    - Alamofire (~> 5.0)

DEPENDENCIES:
  - Kingfisher/SwiftUI
  - Moya (~> 14.0)

SPEC REPOS:
  trunk:
    - Alamofire
    - Kingfisher
    - Moya

SPEC CHECKSUMS:
  Alamofire: 814429acc853c6c54ff123fc3d2ef66803823ce0
  Kingfisher: 657dc1077e5bbbfff864194c79f29e35b722d062
  Moya: 5b45dacb75adb009f97fde91c204c1e565d31916

PODFILE CHECKSUM: 5391bbf939b16a567766994b904a8c6533a947f2

COCOAPODS: 1.9.3
