// !$*UTF8*$!
{
	archiveVersion = 1;
	classes = {
	};
	objectVersion = 50;
	objects = {

/* Begin PBXBuildFile section */
		403FC175250FB19000C1B464 /* MovieDetailViewModelMock.swift in Sources */ = {isa = PBXBuildFile; fileRef = 403FC174250FB19000C1B464 /* MovieDetailViewModelMock.swift */; };
		403FC17A2510BF3B00C1B464 /* MovieCastCaroussel.swift in Sources */ = {isa = PBXBuildFile; fileRef = 403FC1792510BF3B00C1B464 /* MovieCastCaroussel.swift */; };
		403FC17C2510C0E800C1B464 /* MovieActorPicture.swift in Sources */ = {isa = PBXBuildFile; fileRef = 403FC17B2510C0E800C1B464 /* MovieActorPicture.swift */; };
		403FC17E2510CEA900C1B464 /* PlaceholderAvatar.swift in Sources */ = {isa = PBXBuildFile; fileRef = 403FC17D2510CEA900C1B464 /* PlaceholderAvatar.swift */; };
		403FC1B52511F4E200C1B464 /* MoviesMoreViewModel.swift in Sources */ = {isa = PBXBuildFile; fileRef = 403FC1B42511F4E200C1B464 /* MoviesMoreViewModel.swift */; };
		404C868425124825004BC567 /* MoviesMainView.swift in Sources */ = {isa = PBXBuildFile; fileRef = 404C868325124825004BC567 /* MoviesMainView.swift */; };
		405865CE250F703A0090BA77 /* UIGrid.swift in Sources */ = {isa = PBXBuildFile; fileRef = 405865CD250F703A0090BA77 /* UIGrid.swift */; };
		405865D0250F713B0090BA77 /* MovieGrid.swift in Sources */ = {isa = PBXBuildFile; fileRef = 405865CF250F713B0090BA77 /* MovieGrid.swift */; };
		405E0C902518A0F800FFD7EC /* MovieDb.swift in Sources */ = {isa = PBXBuildFile; fileRef = 405E0C8F2518A0F800FFD7EC /* MovieDb.swift */; };
		4085FC6025137245001FF728 /* MoviesMainViewModel.swift in Sources */ = {isa = PBXBuildFile; fileRef = 4085FC5F25137245001FF728 /* MoviesMainViewModel.swift */; };
		4085FC662513868C001FF728 /* MovieListItem.swift in Sources */ = {isa = PBXBuildFile; fileRef = 4085FC652513868C001FF728 /* MovieListItem.swift */; };
		40C3810E250B7C9300EC7471 /* MovieDetailView.swift in Sources */ = {isa = PBXBuildFile; fileRef = 40C3810D250B7C9300EC7471 /* MovieDetailView.swift */; };
		40C38110250B7CCE00EC7471 /* MovieDetailViewModel.swift in Sources */ = {isa = PBXBuildFile; fileRef = 40C3810F250B7CCE00EC7471 /* MovieDetailViewModel.swift */; };
		40C38112250BA3F200EC7471 /* SafariView.swift in Sources */ = {isa = PBXBuildFile; fileRef = 40C38111250BA3F200EC7471 /* SafariView.swift */; };
		40C38116250BB15100EC7471 /* MovieSearchView.swift in Sources */ = {isa = PBXBuildFile; fileRef = 40C38115250BB15100EC7471 /* MovieSearchView.swift */; };
		40C38118250BB1CA00EC7471 /* SearchBar.swift in Sources */ = {isa = PBXBuildFile; fileRef = 40C38117250BB1CA00EC7471 /* SearchBar.swift */; };
		40C3811C250BBA9600EC7471 /* MovieSearchViewModel.swift in Sources */ = {isa = PBXBuildFile; fileRef = 40C3811B250BBA9600EC7471 /* MovieSearchViewModel.swift */; };
		40C3811E250BBFE100EC7471 /* MovieResponse.swift in Sources */ = {isa = PBXBuildFile; fileRef = 40C3811D250BBFE100EC7471 /* MovieResponse.swift */; };
		40C38120250BBFFB00EC7471 /* MovieGenre.swift in Sources */ = {isa = PBXBuildFile; fileRef = 40C3811F250BBFFB00EC7471 /* MovieGenre.swift */; };
		40C38122250BC00F00EC7471 /* MovieCredits.swift in Sources */ = {isa = PBXBuildFile; fileRef = 40C38121250BC00F00EC7471 /* MovieCredits.swift */; };
		40C38124250BC02000EC7471 /* MovieCast.swift in Sources */ = {isa = PBXBuildFile; fileRef = 40C38123250BC02000EC7471 /* MovieCast.swift */; };
		40C38126250BC02F00EC7471 /* MovieCrew.swift in Sources */ = {isa = PBXBuildFile; fileRef = 40C38125250BC02F00EC7471 /* MovieCrew.swift */; };
		40C38128250BC06A00EC7471 /* MovieVideoResponse.swift in Sources */ = {isa = PBXBuildFile; fileRef = 40C38127250BC06A00EC7471 /* MovieVideoResponse.swift */; };
		40C3812A250BC07500EC7471 /* MovieVideo.swift in Sources */ = {isa = PBXBuildFile; fileRef = 40C38129250BC07500EC7471 /* MovieVideo.swift */; };
		40C3812E250BC6A200EC7471 /* ImageLoader.swift in Sources */ = {isa = PBXBuildFile; fileRef = 40C3812D250BC6A200EC7471 /* ImageLoader.swift */; };
		40C38130250BC74200EC7471 /* MovieEndpoint.swift in Sources */ = {isa = PBXBuildFile; fileRef = 40C3812F250BC74200EC7471 /* MovieEndpoint.swift */; };
		40C38132250BC76700EC7471 /* MovieErrors.swift in Sources */ = {isa = PBXBuildFile; fileRef = 40C38131250BC76700EC7471 /* MovieErrors.swift */; };
		40DE0B172513431800F62358 /* MovieAPI.swift in Sources */ = {isa = PBXBuildFile; fileRef = 40DE0B162513431800F62358 /* MovieAPI.swift */; };
		40EF5CCF250A4AA500837587 /* AppDelegate.swift in Sources */ = {isa = PBXBuildFile; fileRef = 40EF5CCE250A4AA500837587 /* AppDelegate.swift */; };
		40EF5CD1250A4AA500837587 /* SceneDelegate.swift in Sources */ = {isa = PBXBuildFile; fileRef = 40EF5CD0250A4AA500837587 /* SceneDelegate.swift */; };
		40EF5CD3250A4AA500837587 /* ContentView.swift in Sources */ = {isa = PBXBuildFile; fileRef = 40EF5CD2250A4AA500837587 /* ContentView.swift */; };
		40EF5CD5250A4AA600837587 /* Assets.xcassets in Resources */ = {isa = PBXBuildFile; fileRef = 40EF5CD4250A4AA600837587 /* Assets.xcassets */; };
		40EF5CD8250A4AA600837587 /* Preview Assets.xcassets in Resources */ = {isa = PBXBuildFile; fileRef = 40EF5CD7250A4AA600837587 /* Preview Assets.xcassets */; };
		40EF5CDB250A4AA600837587 /* LaunchScreen.storyboard in Resources */ = {isa = PBXBuildFile; fileRef = 40EF5CD9250A4AA600837587 /* LaunchScreen.storyboard */; };
		40EF5CEC250A4DEB00837587 /* Movie.swift in Sources */ = {isa = PBXBuildFile; fileRef = 40EF5CEB250A4DEB00837587 /* Movie.swift */; };
		40EF5CEF250A4E6F00837587 /* MovieRepository.swift in Sources */ = {isa = PBXBuildFile; fileRef = 40EF5CEE250A4E6F00837587 /* MovieRepository.swift */; };
		40EF5CF3250A51D300837587 /* Utils.swift in Sources */ = {isa = PBXBuildFile; fileRef = 40EF5CF2250A51D300837587 /* Utils.swift */; };
		40EF5CF5250A5A2800837587 /* Movie+Local.swift in Sources */ = {isa = PBXBuildFile; fileRef = 40EF5CF4250A5A2800837587 /* Movie+Local.swift */; };
		40EF5CFF250A5C9C00837587 /* MovieBackdropCard.swift in Sources */ = {isa = PBXBuildFile; fileRef = 40EF5CFE250A5C9C00837587 /* MovieBackdropCard.swift */; };
		40EF5D04250A648300837587 /* MovieBackdropCarouselView.swift in Sources */ = {isa = PBXBuildFile; fileRef = 40EF5D03250A648300837587 /* MovieBackdropCarouselView.swift */; };
		40EF5D07250A675000837587 /* MoviePosterCard.swift in Sources */ = {isa = PBXBuildFile; fileRef = 40EF5D06250A675000837587 /* MoviePosterCard.swift */; };
		40EF5D09250A691D00837587 /* MoviePosterCarouselView.swift in Sources */ = {isa = PBXBuildFile; fileRef = 40EF5D08250A691C00837587 /* MoviePosterCarouselView.swift */; };
		40EF5D10250A6E5E00837587 /* ActivityIndicatorView.swift in Sources */ = {isa = PBXBuildFile; fileRef = 40EF5D0F250A6E5E00837587 /* ActivityIndicatorView.swift */; };
		40EF5D12250A6F3000837587 /* LoadingView.swift in Sources */ = {isa = PBXBuildFile; fileRef = 40EF5D11250A6F3000837587 /* LoadingView.swift */; };
		40EF5D14250B736800837587 /* MoviesMoreView.swift in Sources */ = {isa = PBXBuildFile; fileRef = 40EF5D13250B736800837587 /* MoviesMoreView.swift */; };
		54099E152513D907006446AD /* movie_list.json in Resources */ = {isa = PBXBuildFile; fileRef = 54099E122513D907006446AD /* movie_list.json */; };
		54099E162513D907006446AD /* movie_info.json in Resources */ = {isa = PBXBuildFile; fileRef = 54099E132513D907006446AD /* movie_info.json */; };
		54099E172513D907006446AD /* search_movie.json in Resources */ = {isa = PBXBuildFile; fileRef = 54099E142513D907006446AD /* search_movie.json */; };
		54099E192513F38D006446AD /* Arrray+Chunked.swift in Sources */ = {isa = PBXBuildFile; fileRef = 54099E182513F38D006446AD /* Arrray+Chunked.swift */; };
		8B15FEEB84F8EBE1F94C2D85 /* libPods-MoviesSwiftUI.a in Frameworks */ = {isa = PBXBuildFile; fileRef = E8D17D038DE9D5F0A3AD675D /* libPods-MoviesSwiftUI.a */; };
/* End PBXBuildFile section */

/* Begin PBXFileReference section */
		403FC174250FB19000C1B464 /* MovieDetailViewModelMock.swift */ = {isa = PBXFileReference; lastKnownFileType = sourcecode.swift; path = MovieDetailViewModelMock.swift; sourceTree = "<group>"; };
		403FC1792510BF3B00C1B464 /* MovieCastCaroussel.swift */ = {isa = PBXFileReference; lastKnownFileType = sourcecode.swift; path = MovieCastCaroussel.swift; sourceTree = "<group>"; };
		403FC17B2510C0E800C1B464 /* MovieActorPicture.swift */ = {isa = PBXFileReference; lastKnownFileType = sourcecode.swift; path = MovieActorPicture.swift; sourceTree = "<group>"; };
		403FC17D2510CEA900C1B464 /* PlaceholderAvatar.swift */ = {isa = PBXFileReference; lastKnownFileType = sourcecode.swift; path = PlaceholderAvatar.swift; sourceTree = "<group>"; };
		403FC1B42511F4E200C1B464 /* MoviesMoreViewModel.swift */ = {isa = PBXFileReference; lastKnownFileType = sourcecode.swift; path = MoviesMoreViewModel.swift; sourceTree = "<group>"; };
		404C868325124825004BC567 /* MoviesMainView.swift */ = {isa = PBXFileReference; lastKnownFileType = sourcecode.swift; path = MoviesMainView.swift; sourceTree = "<group>"; };
		405865CD250F703A0090BA77 /* UIGrid.swift */ = {isa = PBXFileReference; lastKnownFileType = sourcecode.swift; path = UIGrid.swift; sourceTree = "<group>"; };
		405865CF250F713B0090BA77 /* MovieGrid.swift */ = {isa = PBXFileReference; lastKnownFileType = sourcecode.swift; path = MovieGrid.swift; sourceTree = "<group>"; };
		405E0C8F2518A0F800FFD7EC /* MovieDb.swift */ = {isa = PBXFileReference; lastKnownFileType = sourcecode.swift; path = MovieDb.swift; sourceTree = "<group>"; };
		4085FC5F25137245001FF728 /* MoviesMainViewModel.swift */ = {isa = PBXFileReference; lastKnownFileType = sourcecode.swift; path = MoviesMainViewModel.swift; sourceTree = "<group>"; };
		4085FC652513868C001FF728 /* MovieListItem.swift */ = {isa = PBXFileReference; lastKnownFileType = sourcecode.swift; path = MovieListItem.swift; sourceTree = "<group>"; };
		40C3810D250B7C9300EC7471 /* MovieDetailView.swift */ = {isa = PBXFileReference; lastKnownFileType = sourcecode.swift; path = MovieDetailView.swift; sourceTree = "<group>"; };
		40C3810F250B7CCE00EC7471 /* MovieDetailViewModel.swift */ = {isa = PBXFileReference; lastKnownFileType = sourcecode.swift; path = MovieDetailViewModel.swift; sourceTree = "<group>"; };
		40C38111250BA3F200EC7471 /* SafariView.swift */ = {isa = PBXFileReference; lastKnownFileType = sourcecode.swift; path = SafariView.swift; sourceTree = "<group>"; };
		40C38115250BB15100EC7471 /* MovieSearchView.swift */ = {isa = PBXFileReference; lastKnownFileType = sourcecode.swift; path = MovieSearchView.swift; sourceTree = "<group>"; };
		40C38117250BB1CA00EC7471 /* SearchBar.swift */ = {isa = PBXFileReference; lastKnownFileType = sourcecode.swift; path = SearchBar.swift; sourceTree = "<group>"; };
		40C3811B250BBA9600EC7471 /* MovieSearchViewModel.swift */ = {isa = PBXFileReference; lastKnownFileType = sourcecode.swift; path = MovieSearchViewModel.swift; sourceTree = "<group>"; };
		40C3811D250BBFE100EC7471 /* MovieResponse.swift */ = {isa = PBXFileReference; lastKnownFileType = sourcecode.swift; path = MovieResponse.swift; sourceTree = "<group>"; };
		40C3811F250BBFFB00EC7471 /* MovieGenre.swift */ = {isa = PBXFileReference; lastKnownFileType = sourcecode.swift; path = MovieGenre.swift; sourceTree = "<group>"; };
		40C38121250BC00F00EC7471 /* MovieCredits.swift */ = {isa = PBXFileReference; lastKnownFileType = sourcecode.swift; path = MovieCredits.swift; sourceTree = "<group>"; };
		40C38123250BC02000EC7471 /* MovieCast.swift */ = {isa = PBXFileReference; lastKnownFileType = sourcecode.swift; path = MovieCast.swift; sourceTree = "<group>"; };
		40C38125250BC02F00EC7471 /* MovieCrew.swift */ = {isa = PBXFileReference; lastKnownFileType = sourcecode.swift; path = MovieCrew.swift; sourceTree = "<group>"; };
		40C38127250BC06A00EC7471 /* MovieVideoResponse.swift */ = {isa = PBXFileReference; lastKnownFileType = sourcecode.swift; path = MovieVideoResponse.swift; sourceTree = "<group>"; };
		40C38129250BC07500EC7471 /* MovieVideo.swift */ = {isa = PBXFileReference; lastKnownFileType = sourcecode.swift; path = MovieVideo.swift; sourceTree = "<group>"; };
		40C3812D250BC6A200EC7471 /* ImageLoader.swift */ = {isa = PBXFileReference; lastKnownFileType = sourcecode.swift; path = ImageLoader.swift; sourceTree = "<group>"; };
		40C3812F250BC74200EC7471 /* MovieEndpoint.swift */ = {isa = PBXFileReference; lastKnownFileType = sourcecode.swift; path = MovieEndpoint.swift; sourceTree = "<group>"; };
		40C38131250BC76700EC7471 /* MovieErrors.swift */ = {isa = PBXFileReference; lastKnownFileType = sourcecode.swift; path = MovieErrors.swift; sourceTree = "<group>"; };
		40DE0B162513431800F62358 /* MovieAPI.swift */ = {isa = PBXFileReference; lastKnownFileType = sourcecode.swift; path = MovieAPI.swift; sourceTree = "<group>"; };
		40EF5CCB250A4AA500837587 /* MoviesSwiftUI.app */ = {isa = PBXFileReference; explicitFileType = wrapper.application; includeInIndex = 0; path = MoviesSwiftUI.app; sourceTree = BUILT_PRODUCTS_DIR; };
		40EF5CCE250A4AA500837587 /* AppDelegate.swift */ = {isa = PBXFileReference; lastKnownFileType = sourcecode.swift; path = AppDelegate.swift; sourceTree = "<group>"; };
		40EF5CD0250A4AA500837587 /* SceneDelegate.swift */ = {isa = PBXFileReference; lastKnownFileType = sourcecode.swift; path = SceneDelegate.swift; sourceTree = "<group>"; };
		40EF5CD2250A4AA500837587 /* ContentView.swift */ = {isa = PBXFileReference; lastKnownFileType = sourcecode.swift; path = ContentView.swift; sourceTree = "<group>"; };
		40EF5CD4250A4AA600837587 /* Assets.xcassets */ = {isa = PBXFileReference; lastKnownFileType = folder.assetcatalog; path = Assets.xcassets; sourceTree = "<group>"; };
		40EF5CD7250A4AA600837587 /* Preview Assets.xcassets */ = {isa = PBXFileReference; lastKnownFileType = folder.assetcatalog; path = "Preview Assets.xcassets"; sourceTree = "<group>"; };
		40EF5CDA250A4AA600837587 /* Base */ = {isa = PBXFileReference; lastKnownFileType = file.storyboard; name = Base; path = Base.lproj/LaunchScreen.storyboard; sourceTree = "<group>"; };
		40EF5CDC250A4AA600837587 /* Info.plist */ = {isa = PBXFileReference; lastKnownFileType = text.plist.xml; path = Info.plist; sourceTree = "<group>"; };
		40EF5CEB250A4DEB00837587 /* Movie.swift */ = {isa = PBXFileReference; lastKnownFileType = sourcecode.swift; path = Movie.swift; sourceTree = "<group>"; };
		40EF5CEE250A4E6F00837587 /* MovieRepository.swift */ = {isa = PBXFileReference; lastKnownFileType = sourcecode.swift; path = MovieRepository.swift; sourceTree = "<group>"; };
		40EF5CF2250A51D300837587 /* Utils.swift */ = {isa = PBXFileReference; lastKnownFileType = sourcecode.swift; path = Utils.swift; sourceTree = "<group>"; };
		40EF5CF4250A5A2800837587 /* Movie+Local.swift */ = {isa = PBXFileReference; lastKnownFileType = sourcecode.swift; path = "Movie+Local.swift"; sourceTree = "<group>"; };
		40EF5CFE250A5C9C00837587 /* MovieBackdropCard.swift */ = {isa = PBXFileReference; lastKnownFileType = sourcecode.swift; path = MovieBackdropCard.swift; sourceTree = "<group>"; };
		40EF5D03250A648300837587 /* MovieBackdropCarouselView.swift */ = {isa = PBXFileReference; lastKnownFileType = sourcecode.swift; path = MovieBackdropCarouselView.swift; sourceTree = "<group>"; };
		40EF5D06250A675000837587 /* MoviePosterCard.swift */ = {isa = PBXFileReference; lastKnownFileType = sourcecode.swift; path = MoviePosterCard.swift; sourceTree = "<group>"; };
		40EF5D08250A691C00837587 /* MoviePosterCarouselView.swift */ = {isa = PBXFileReference; lastKnownFileType = sourcecode.swift; path = MoviePosterCarouselView.swift; sourceTree = "<group>"; };
		40EF5D0F250A6E5E00837587 /* ActivityIndicatorView.swift */ = {isa = PBXFileReference; lastKnownFileType = sourcecode.swift; path = ActivityIndicatorView.swift; sourceTree = "<group>"; };
		40EF5D11250A6F3000837587 /* LoadingView.swift */ = {isa = PBXFileReference; lastKnownFileType = sourcecode.swift; path = LoadingView.swift; sourceTree = "<group>"; };
		40EF5D13250B736800837587 /* MoviesMoreView.swift */ = {isa = PBXFileReference; lastKnownFileType = sourcecode.swift; path = MoviesMoreView.swift; sourceTree = "<group>"; };
		54099E122513D907006446AD /* movie_list.json */ = {isa = PBXFileReference; fileEncoding = 4; lastKnownFileType = text.json; path = movie_list.json; sourceTree = "<group>"; };
		54099E132513D907006446AD /* movie_info.json */ = {isa = PBXFileReference; fileEncoding = 4; lastKnownFileType = text.json; path = movie_info.json; sourceTree = "<group>"; };
		54099E142513D907006446AD /* search_movie.json */ = {isa = PBXFileReference; fileEncoding = 4; lastKnownFileType = text.json; path = search_movie.json; sourceTree = "<group>"; };
		54099E182513F38D006446AD /* Arrray+Chunked.swift */ = {isa = PBXFileReference; lastKnownFileType = sourcecode.swift; path = "Arrray+Chunked.swift"; sourceTree = "<group>"; };
		764F2AE3AD45999B719AEB1F /* Pods-MoviesSwiftUI.debug.xcconfig */ = {isa = PBXFileReference; includeInIndex = 1; lastKnownFileType = text.xcconfig; name = "Pods-MoviesSwiftUI.debug.xcconfig"; path = "Target Support Files/Pods-MoviesSwiftUI/Pods-MoviesSwiftUI.debug.xcconfig"; sourceTree = "<group>"; };
		B1D36DD21352CB36E004B132 /* Pods-MoviesSwiftUI.release.xcconfig */ = {isa = PBXFileReference; includeInIndex = 1; lastKnownFileType = text.xcconfig; name = "Pods-MoviesSwiftUI.release.xcconfig"; path = "Target Support Files/Pods-MoviesSwiftUI/Pods-MoviesSwiftUI.release.xcconfig"; sourceTree = "<group>"; };
		E8D17D038DE9D5F0A3AD675D /* libPods-MoviesSwiftUI.a */ = {isa = PBXFileReference; explicitFileType = archive.ar; includeInIndex = 0; path = "libPods-MoviesSwiftUI.a"; sourceTree = BUILT_PRODUCTS_DIR; };
/* End PBXFileReference section */

/* Begin PBXFrameworksBuildPhase section */
		40EF5CC8250A4AA500837587 /* Frameworks */ = {
			isa = PBXFrameworksBuildPhase;
			buildActionMask = 2147483647;
			files = (
				8B15FEEB84F8EBE1F94C2D85 /* libPods-MoviesSwiftUI.a in Frameworks */,
			);
			runOnlyForDeploymentPostprocessing = 0;
		};
/* End PBXFrameworksBuildPhase section */

/* Begin PBXGroup section */
		4017EE562513B37C0015EE46 /* Client */ = {
			isa = PBXGroup;
			children = (
				40DE0B162513431800F62358 /* MovieAPI.swift */,
				40C3812F250BC74200EC7471 /* MovieEndpoint.swift */,
				40C38131250BC76700EC7471 /* MovieErrors.swift */,
				405E0C8F2518A0F800FFD7EC /* MovieDb.swift */,
			);
			path = Client;
			sourceTree = "<group>";
		};
		403FC1782510BB1000C1B464 /* Resources */ = {
			isa = PBXGroup;
			children = (
				40EF5CD0250A4AA500837587 /* SceneDelegate.swift */,
				40EF5CCE250A4AA500837587 /* AppDelegate.swift */,
				40EF5CD4250A4AA600837587 /* Assets.xcassets */,
				40EF5CD9250A4AA600837587 /* LaunchScreen.storyboard */,
			);
			path = Resources;
			sourceTree = "<group>";
		};
		405865C5250F51E50090BA77 /* Detail */ = {
			isa = PBXGroup;
			children = (
				4085FC6225137851001FF728 /* Components */,
				40C3810D250B7C9300EC7471 /* MovieDetailView.swift */,
				40C3810F250B7CCE00EC7471 /* MovieDetailViewModel.swift */,
				403FC174250FB19000C1B464 /* MovieDetailViewModelMock.swift */,
			);
			path = Detail;
			sourceTree = "<group>";
		};
		405865C6250F521C0090BA77 /* Search */ = {
			isa = PBXGroup;
			children = (
				40C38115250BB15100EC7471 /* MovieSearchView.swift */,
				40C3811B250BBA9600EC7471 /* MovieSearchViewModel.swift */,
				40C38117250BB1CA00EC7471 /* SearchBar.swift */,
			);
			path = Search;
			sourceTree = "<group>";
		};
		4085FC6125137828001FF728 /* Components */ = {
			isa = PBXGroup;
			children = (
				40EF5CFE250A5C9C00837587 /* MovieBackdropCard.swift */,
				40EF5D03250A648300837587 /* MovieBackdropCarouselView.swift */,
				40EF5D06250A675000837587 /* MoviePosterCard.swift */,
				40EF5D08250A691C00837587 /* MoviePosterCarouselView.swift */,
				40C38111250BA3F200EC7471 /* SafariView.swift */,
			);
			path = Components;
			sourceTree = "<group>";
		};
		4085FC6225137851001FF728 /* Components */ = {
			isa = PBXGroup;
			children = (
				403FC17D2510CEA900C1B464 /* PlaceholderAvatar.swift */,
				403FC17B2510C0E800C1B464 /* MovieActorPicture.swift */,
				403FC1792510BF3B00C1B464 /* MovieCastCaroussel.swift */,
			);
			path = Components;
			sourceTree = "<group>";
		};
		4085FC6325137873001FF728 /* Loading */ = {
			isa = PBXGroup;
			children = (
				40EF5D11250A6F3000837587 /* LoadingView.swift */,
				40EF5D0F250A6E5E00837587 /* ActivityIndicatorView.swift */,
			);
			path = Loading;
			sourceTree = "<group>";
		};
		4085FC64251378FC001FF728 /* Repository */ = {
			isa = PBXGroup;
			children = (
				40EF5CEE250A4E6F00837587 /* MovieRepository.swift */,
			);
			path = Repository;
			sourceTree = "<group>";
		};
		40DE0B1825136CE400F62358 /* Prendre des notes puis éliminer */ = {
			isa = PBXGroup;
			children = (
				40C3812D250BC6A200EC7471 /* ImageLoader.swift */,
				405865CF250F713B0090BA77 /* MovieGrid.swift */,
				405865CD250F703A0090BA77 /* UIGrid.swift */,
				54099E182513F38D006446AD /* Arrray+Chunked.swift */,
			);
			name = "Prendre des notes puis éliminer";
			path = "Prendre des notes puis éliminer";
			sourceTree = "<group>";
		};
		40DE0B1A25136D5A00F62358 /* Main */ = {
			isa = PBXGroup;
			children = (
				40EF5CD2250A4AA500837587 /* ContentView.swift */,
				404C868325124825004BC567 /* MoviesMainView.swift */,
				4085FC5F25137245001FF728 /* MoviesMainViewModel.swift */,
				4085FC652513868C001FF728 /* MovieListItem.swift */,
			);
			path = Main;
			sourceTree = "<group>";
		};
		40EF5CC2250A4AA500837587 = {
			isa = PBXGroup;
			children = (
				40EF5CCD250A4AA500837587 /* MoviesSwiftUI */,
				40EF5CCC250A4AA500837587 /* Products */,
				CC445889AA65D2FDD597D390 /* Pods */,
				7C7564926BB7048880A39035 /* Frameworks */,
			);
			sourceTree = "<group>";
		};
		40EF5CCC250A4AA500837587 /* Products */ = {
			isa = PBXGroup;
			children = (
				40EF5CCB250A4AA500837587 /* MoviesSwiftUI.app */,
			);
			name = Products;
			sourceTree = "<group>";
		};
		40EF5CCD250A4AA500837587 /* MoviesSwiftUI */ = {
			isa = PBXGroup;
			children = (
				40EF5CE3250A4AEE00837587 /* Domain */,
				40EF5CE4250A4AF400837587 /* Data */,
				40EF5CE2250A4AE900837587 /* Screen */,
				403FC1782510BB1000C1B464 /* Resources */,
				40DE0B1825136CE400F62358 /* Prendre des notes puis éliminer */,
				40EF5CDC250A4AA600837587 /* Info.plist */,
				40EF5CD6250A4AA600837587 /* Preview Content */,
			);
			path = MoviesSwiftUI;
			sourceTree = "<group>";
		};
		40EF5CD6250A4AA600837587 /* Preview Content */ = {
			isa = PBXGroup;
			children = (
				40EF5CD7250A4AA600837587 /* Preview Assets.xcassets */,
			);
			path = "Preview Content";
			sourceTree = "<group>";
		};
		40EF5CE2250A4AE900837587 /* Screen */ = {
			isa = PBXGroup;
			children = (
				405865C5250F51E50090BA77 /* Detail */,
				40DE0B1A25136D5A00F62358 /* Main */,
				40EF5CE5250A4B2100837587 /* More */,
				4085FC6325137873001FF728 /* Loading */,
				405865C6250F521C0090BA77 /* Search */,
			);
			path = Screen;
			sourceTree = "<group>";
		};
		40EF5CE3250A4AEE00837587 /* Domain */ = {
			isa = PBXGroup;
			children = (
				40EF5CE6250A4B6300837587 /* Model */,
			);
			path = Domain;
			sourceTree = "<group>";
		};
		40EF5CE4250A4AF400837587 /* Data */ = {
			isa = PBXGroup;
			children = (
				4017EE562513B37C0015EE46 /* Client */,
				4085FC64251378FC001FF728 /* Repository */,
				40EF5CF6250A5A8400837587 /* SampleData */,
				40EF5CF2250A51D300837587 /* Utils.swift */,
			);
			path = Data;
			sourceTree = "<group>";
		};
		40EF5CE5250A4B2100837587 /* More */ = {
			isa = PBXGroup;
			children = (
				4085FC6125137828001FF728 /* Components */,
				40EF5D13250B736800837587 /* MoviesMoreView.swift */,
				403FC1B42511F4E200C1B464 /* MoviesMoreViewModel.swift */,
			);
			path = More;
			sourceTree = "<group>";
		};
		40EF5CE6250A4B6300837587 /* Model */ = {
			isa = PBXGroup;
			children = (
				40EF5CEB250A4DEB00837587 /* Movie.swift */,
				40EF5CF4250A5A2800837587 /* Movie+Local.swift */,
				40C38123250BC02000EC7471 /* MovieCast.swift */,
				40C38121250BC00F00EC7471 /* MovieCredits.swift */,
				40C38125250BC02F00EC7471 /* MovieCrew.swift */,
				40C3811F250BBFFB00EC7471 /* MovieGenre.swift */,
				40C3811D250BBFE100EC7471 /* MovieResponse.swift */,
				40C38129250BC07500EC7471 /* MovieVideo.swift */,
				40C38127250BC06A00EC7471 /* MovieVideoResponse.swift */,
			);
			path = Model;
			sourceTree = "<group>";
		};
		40EF5CF6250A5A8400837587 /* SampleData */ = {
			isa = PBXGroup;
			children = (
				54099E132513D907006446AD /* movie_info.json */,
				54099E122513D907006446AD /* movie_list.json */,
				54099E142513D907006446AD /* search_movie.json */,
			);
			path = SampleData;
			sourceTree = "<group>";
		};
		7C7564926BB7048880A39035 /* Frameworks */ = {
			isa = PBXGroup;
			children = (
				E8D17D038DE9D5F0A3AD675D /* libPods-MoviesSwiftUI.a */,
			);
			name = Frameworks;
			sourceTree = "<group>";
		};
		CC445889AA65D2FDD597D390 /* Pods */ = {
			isa = PBXGroup;
			children = (
				764F2AE3AD45999B719AEB1F /* Pods-MoviesSwiftUI.debug.xcconfig */,
				B1D36DD21352CB36E004B132 /* Pods-MoviesSwiftUI.release.xcconfig */,
			);
			path = Pods;
			sourceTree = "<group>";
		};
/* End PBXGroup section */

/* Begin PBXNativeTarget section */
		40EF5CCA250A4AA500837587 /* MoviesSwiftUI */ = {
			isa = PBXNativeTarget;
			buildConfigurationList = 40EF5CDF250A4AA600837587 /* Build configuration list for PBXNativeTarget "MoviesSwiftUI" */;
			buildPhases = (
				E4C8FD91ED8FC37ABEEA7BC9 /* [CP] Check Pods Manifest.lock */,
				40EF5CC7250A4AA500837587 /* Sources */,
				40EF5CC8250A4AA500837587 /* Frameworks */,
				40EF5CC9250A4AA500837587 /* Resources */,
			);
			buildRules = (
			);
			dependencies = (
			);
			name = MoviesSwiftUI;
			packageProductDependencies = (
			);
			productName = MoviesSwiftUI;
			productReference = 40EF5CCB250A4AA500837587 /* MoviesSwiftUI.app */;
			productType = "com.apple.product-type.application";
		};
/* End PBXNativeTarget section */

/* Begin PBXProject section */
		40EF5CC3250A4AA500837587 /* Project object */ = {
			isa = PBXProject;
			attributes = {
				LastSwiftUpdateCheck = 1170;
				LastUpgradeCheck = 1170;
				ORGANIZATIONNAME = cristian;
				TargetAttributes = {
					40EF5CCA250A4AA500837587 = {
						CreatedOnToolsVersion = 11.7;
					};
				};
			};
			buildConfigurationList = 40EF5CC6250A4AA500837587 /* Build configuration list for PBXProject "MoviesSwiftUI" */;
			compatibilityVersion = "Xcode 9.3";
			developmentRegion = en;
			hasScannedForEncodings = 0;
			knownRegions = (
				en,
				Base,
			);
			mainGroup = 40EF5CC2250A4AA500837587;
			packageReferences = (
			);
			productRefGroup = 40EF5CCC250A4AA500837587 /* Products */;
			projectDirPath = "";
			projectRoot = "";
			targets = (
				40EF5CCA250A4AA500837587 /* MoviesSwiftUI */,
			);
		};
/* End PBXProject section */

/* Begin PBXResourcesBuildPhase section */
		40EF5CC9250A4AA500837587 /* Resources */ = {
			isa = PBXResourcesBuildPhase;
			buildActionMask = 2147483647;
			files = (
				54099E152513D907006446AD /* movie_list.json in Resources */,
				40EF5CDB250A4AA600837587 /* LaunchScreen.storyboard in Resources */,
				54099E162513D907006446AD /* movie_info.json in Resources */,
				40EF5CD8250A4AA600837587 /* Preview Assets.xcassets in Resources */,
				54099E172513D907006446AD /* search_movie.json in Resources */,
				40EF5CD5250A4AA600837587 /* Assets.xcassets in Resources */,
			);
			runOnlyForDeploymentPostprocessing = 0;
		};
/* End PBXResourcesBuildPhase section */

/* Begin PBXShellScriptBuildPhase section */
		E4C8FD91ED8FC37ABEEA7BC9 /* [CP] Check Pods Manifest.lock */ = {
			isa = PBXShellScriptBuildPhase;
			buildActionMask = 2147483647;
			files = (
			);
			inputFileListPaths = (
			);
			inputPaths = (
				"${PODS_PODFILE_DIR_PATH}/Podfile.lock",
				"${PODS_ROOT}/Manifest.lock",
			);
			name = "[CP] Check Pods Manifest.lock";
			outputFileListPaths = (
			);
			outputPaths = (
				"$(DERIVED_FILE_DIR)/Pods-MoviesSwiftUI-checkManifestLockResult.txt",
			);
			runOnlyForDeploymentPostprocessing = 0;
			shellPath = /bin/sh;
			shellScript = "diff \"${PODS_PODFILE_DIR_PATH}/Podfile.lock\" \"${PODS_ROOT}/Manifest.lock\" > /dev/null\nif [ $? != 0 ] ; then\n    # print error to STDERR\n    echo \"error: The sandbox is not in sync with the Podfile.lock. Run 'pod install' or update your CocoaPods installation.\" >&2\n    exit 1\nfi\n# This output is used by Xcode 'outputs' to avoid re-running this script phase.\necho \"SUCCESS\" > \"${SCRIPT_OUTPUT_FILE_0}\"\n";
			showEnvVarsInLog = 0;
		};
/* End PBXShellScriptBuildPhase section */

/* Begin PBXSourcesBuildPhase section */
		40EF5CC7250A4AA500837587 /* Sources */ = {
			isa = PBXSourcesBuildPhase;
			buildActionMask = 2147483647;
			files = (
				40C38110250B7CCE00EC7471 /* MovieDetailViewModel.swift in Sources */,
				40EF5D14250B736800837587 /* MoviesMoreView.swift in Sources */,
				40EF5CCF250A4AA500837587 /* AppDelegate.swift in Sources */,
				40C3812E250BC6A200EC7471 /* ImageLoader.swift in Sources */,
				403FC17E2510CEA900C1B464 /* PlaceholderAvatar.swift in Sources */,
				403FC17C2510C0E800C1B464 /* MovieActorPicture.swift in Sources */,
				40C38112250BA3F200EC7471 /* SafariView.swift in Sources */,
				54099E192513F38D006446AD /* Arrray+Chunked.swift in Sources */,
				405E0C902518A0F800FFD7EC /* MovieDb.swift in Sources */,
				40EF5CF3250A51D300837587 /* Utils.swift in Sources */,
				4085FC6025137245001FF728 /* MoviesMainViewModel.swift in Sources */,
				40EF5CEF250A4E6F00837587 /* MovieRepository.swift in Sources */,
				40EF5D09250A691D00837587 /* MoviePosterCarouselView.swift in Sources */,
				40C38118250BB1CA00EC7471 /* SearchBar.swift in Sources */,
				40C38132250BC76700EC7471 /* MovieErrors.swift in Sources */,
				403FC17A2510BF3B00C1B464 /* MovieCastCaroussel.swift in Sources */,
				40EF5D04250A648300837587 /* MovieBackdropCarouselView.swift in Sources */,
				40EF5CEC250A4DEB00837587 /* Movie.swift in Sources */,
				40EF5CD1250A4AA500837587 /* SceneDelegate.swift in Sources */,
				40C3811C250BBA9600EC7471 /* MovieSearchViewModel.swift in Sources */,
				40EF5CFF250A5C9C00837587 /* MovieBackdropCard.swift in Sources */,
				40DE0B172513431800F62358 /* MovieAPI.swift in Sources */,
				404C868425124825004BC567 /* MoviesMainView.swift in Sources */,
				40C3812A250BC07500EC7471 /* MovieVideo.swift in Sources */,
				40C3810E250B7C9300EC7471 /* MovieDetailView.swift in Sources */,
				403FC1B52511F4E200C1B464 /* MoviesMoreViewModel.swift in Sources */,
				40C38122250BC00F00EC7471 /* MovieCredits.swift in Sources */,
				40C38130250BC74200EC7471 /* MovieEndpoint.swift in Sources */,
				40C38120250BBFFB00EC7471 /* MovieGenre.swift in Sources */,
				40C38126250BC02F00EC7471 /* MovieCrew.swift in Sources */,
				40C38116250BB15100EC7471 /* MovieSearchView.swift in Sources */,
				40C38128250BC06A00EC7471 /* MovieVideoResponse.swift in Sources */,
				4085FC662513868C001FF728 /* MovieListItem.swift in Sources */,
				40EF5CF5250A5A2800837587 /* Movie+Local.swift in Sources */,
				40C38124250BC02000EC7471 /* MovieCast.swift in Sources */,
				403FC175250FB19000C1B464 /* MovieDetailViewModelMock.swift in Sources */,
				40EF5D10250A6E5E00837587 /* ActivityIndicatorView.swift in Sources */,
				40EF5CD3250A4AA500837587 /* ContentView.swift in Sources */,
				40C3811E250BBFE100EC7471 /* MovieResponse.swift in Sources */,
				405865CE250F703A0090BA77 /* UIGrid.swift in Sources */,
				40EF5D12250A6F3000837587 /* LoadingView.swift in Sources */,
				40EF5D07250A675000837587 /* MoviePosterCard.swift in Sources */,
				405865D0250F713B0090BA77 /* MovieGrid.swift in Sources */,
			);
			runOnlyForDeploymentPostprocessing = 0;
		};
/* End PBXSourcesBuildPhase section */

/* Begin PBXVariantGroup section */
		40EF5CD9250A4AA600837587 /* LaunchScreen.storyboard */ = {
			isa = PBXVariantGroup;
			children = (
				40EF5CDA250A4AA600837587 /* Base */,
			);
			name = LaunchScreen.storyboard;
			sourceTree = "<group>";
		};
/* End PBXVariantGroup section */

/* Begin XCBuildConfiguration section */
		40EF5CDD250A4AA600837587 /* Debug */ = {
			isa = XCBuildConfiguration;
			buildSettings = {
				ALWAYS_SEARCH_USER_PATHS = NO;
				CLANG_ANALYZER_NONNULL = YES;
				CLANG_ANALYZER_NUMBER_OBJECT_CONVERSION = YES_AGGRESSIVE;
				CLANG_CXX_LANGUAGE_STANDARD = "gnu++14";
				CLANG_CXX_LIBRARY = "libc++";
				CLANG_ENABLE_MODULES = YES;
				CLANG_ENABLE_OBJC_ARC = YES;
				CLANG_ENABLE_OBJC_WEAK = YES;
				CLANG_WARN_BLOCK_CAPTURE_AUTORELEASING = YES;
				CLANG_WARN_BOOL_CONVERSION = YES;
				CLANG_WARN_COMMA = YES;
				CLANG_WARN_CONSTANT_CONVERSION = YES;
				CLANG_WARN_DEPRECATED_OBJC_IMPLEMENTATIONS = YES;
				CLANG_WARN_DIRECT_OBJC_ISA_USAGE = YES_ERROR;
				CLANG_WARN_DOCUMENTATION_COMMENTS = YES;
				CLANG_WARN_EMPTY_BODY = YES;
				CLANG_WARN_ENUM_CONVERSION = YES;
				CLANG_WARN_INFINITE_RECURSION = YES;
				CLANG_WARN_INT_CONVERSION = YES;
				CLANG_WARN_NON_LITERAL_NULL_CONVERSION = YES;
				CLANG_WARN_OBJC_IMPLICIT_RETAIN_SELF = YES;
				CLANG_WARN_OBJC_LITERAL_CONVERSION = YES;
				CLANG_WARN_OBJC_ROOT_CLASS = YES_ERROR;
				CLANG_WARN_RANGE_LOOP_ANALYSIS = YES;
				CLANG_WARN_STRICT_PROTOTYPES = YES;
				CLANG_WARN_SUSPICIOUS_MOVE = YES;
				CLANG_WARN_UNGUARDED_AVAILABILITY = YES_AGGRESSIVE;
				CLANG_WARN_UNREACHABLE_CODE = YES;
				CLANG_WARN__DUPLICATE_METHOD_MATCH = YES;
				COPY_PHASE_STRIP = NO;
				DEBUG_INFORMATION_FORMAT = dwarf;
				ENABLE_STRICT_OBJC_MSGSEND = YES;
				ENABLE_TESTABILITY = YES;
				GCC_C_LANGUAGE_STANDARD = gnu11;
				GCC_DYNAMIC_NO_PIC = NO;
				GCC_NO_COMMON_BLOCKS = YES;
				GCC_OPTIMIZATION_LEVEL = 0;
				GCC_PREPROCESSOR_DEFINITIONS = (
					"DEBUG=1",
					"$(inherited)",
				);
				GCC_WARN_64_TO_32_BIT_CONVERSION = YES;
				GCC_WARN_ABOUT_RETURN_TYPE = YES_ERROR;
				GCC_WARN_UNDECLARED_SELECTOR = YES;
				GCC_WARN_UNINITIALIZED_AUTOS = YES_AGGRESSIVE;
				GCC_WARN_UNUSED_FUNCTION = YES;
				GCC_WARN_UNUSED_VARIABLE = YES;
				IPHONEOS_DEPLOYMENT_TARGET = 13.7;
				MTL_ENABLE_DEBUG_INFO = INCLUDE_SOURCE;
				MTL_FAST_MATH = YES;
				ONLY_ACTIVE_ARCH = YES;
				SDKROOT = iphoneos;
				SWIFT_ACTIVE_COMPILATION_CONDITIONS = DEBUG;
				SWIFT_OPTIMIZATION_LEVEL = "-Onone";
			};
			name = Debug;
		};
		40EF5CDE250A4AA600837587 /* Release */ = {
			isa = XCBuildConfiguration;
			buildSettings = {
				ALWAYS_SEARCH_USER_PATHS = NO;
				CLANG_ANALYZER_NONNULL = YES;
				CLANG_ANALYZER_NUMBER_OBJECT_CONVERSION = YES_AGGRESSIVE;
				CLANG_CXX_LANGUAGE_STANDARD = "gnu++14";
				CLANG_CXX_LIBRARY = "libc++";
				CLANG_ENABLE_MODULES = YES;
				CLANG_ENABLE_OBJC_ARC = YES;
				CLANG_ENABLE_OBJC_WEAK = YES;
				CLANG_WARN_BLOCK_CAPTURE_AUTORELEASING = YES;
				CLANG_WARN_BOOL_CONVERSION = YES;
				CLANG_WARN_COMMA = YES;
				CLANG_WARN_CONSTANT_CONVERSION = YES;
				CLANG_WARN_DEPRECATED_OBJC_IMPLEMENTATIONS = YES;
				CLANG_WARN_DIRECT_OBJC_ISA_USAGE = YES_ERROR;
				CLANG_WARN_DOCUMENTATION_COMMENTS = YES;
				CLANG_WARN_EMPTY_BODY = YES;
				CLANG_WARN_ENUM_CONVERSION = YES;
				CLANG_WARN_INFINITE_RECURSION = YES;
				CLANG_WARN_INT_CONVERSION = YES;
				CLANG_WARN_NON_LITERAL_NULL_CONVERSION = YES;
				CLANG_WARN_OBJC_IMPLICIT_RETAIN_SELF = YES;
				CLANG_WARN_OBJC_LITERAL_CONVERSION = YES;
				CLANG_WARN_OBJC_ROOT_CLASS = YES_ERROR;
				CLANG_WARN_RANGE_LOOP_ANALYSIS = YES;
				CLANG_WARN_STRICT_PROTOTYPES = YES;
				CLANG_WARN_SUSPICIOUS_MOVE = YES;
				CLANG_WARN_UNGUARDED_AVAILABILITY = YES_AGGRESSIVE;
				CLANG_WARN_UNREACHABLE_CODE = YES;
				CLANG_WARN__DUPLICATE_METHOD_MATCH = YES;
				COPY_PHASE_STRIP = NO;
				DEBUG_INFORMATION_FORMAT = "dwarf-with-dsym";
				ENABLE_NS_ASSERTIONS = NO;
				ENABLE_STRICT_OBJC_MSGSEND = YES;
				GCC_C_LANGUAGE_STANDARD = gnu11;
				GCC_NO_COMMON_BLOCKS = YES;
				GCC_WARN_64_TO_32_BIT_CONVERSION = YES;
				GCC_WARN_ABOUT_RETURN_TYPE = YES_ERROR;
				GCC_WARN_UNDECLARED_SELECTOR = YES;
				GCC_WARN_UNINITIALIZED_AUTOS = YES_AGGRESSIVE;
				GCC_WARN_UNUSED_FUNCTION = YES;
				GCC_WARN_UNUSED_VARIABLE = YES;
				IPHONEOS_DEPLOYMENT_TARGET = 13.7;
				MTL_ENABLE_DEBUG_INFO = NO;
				MTL_FAST_MATH = YES;
				SDKROOT = iphoneos;
				SWIFT_COMPILATION_MODE = wholemodule;
				SWIFT_OPTIMIZATION_LEVEL = "-O";
				VALIDATE_PRODUCT = YES;
			};
			name = Release;
		};
		40EF5CE0250A4AA600837587 /* Debug */ = {
			isa = XCBuildConfiguration;
			baseConfigurationReference = 764F2AE3AD45999B719AEB1F /* Pods-MoviesSwiftUI.debug.xcconfig */;
			buildSettings = {
				ASSETCATALOG_COMPILER_APPICON_NAME = AppIcon;
				CODE_SIGN_STYLE = Automatic;
				DEVELOPMENT_ASSET_PATHS = "\"MoviesSwiftUI/Preview Content\"";
				ENABLE_PREVIEWS = YES;
				INFOPLIST_FILE = MoviesSwiftUI/Info.plist;
				LD_RUNPATH_SEARCH_PATHS = (
					"$(inherited)",
					"@executable_path/Frameworks",
				);
				PRODUCT_BUNDLE_IDENTIFIER = "fr.v-labs.MoviesSwiftUI";
				PRODUCT_NAME = "$(TARGET_NAME)";
				SWIFT_VERSION = 5.0;
				TARGETED_DEVICE_FAMILY = "1,2";
			};
			name = Debug;
		};
		40EF5CE1250A4AA600837587 /* Release */ = {
			isa = XCBuildConfiguration;
			baseConfigurationReference = B1D36DD21352CB36E004B132 /* Pods-MoviesSwiftUI.release.xcconfig */;
			buildSettings = {
				ASSETCATALOG_COMPILER_APPICON_NAME = AppIcon;
				CODE_SIGN_STYLE = Automatic;
				DEVELOPMENT_ASSET_PATHS = "\"MoviesSwiftUI/Preview Content\"";
				ENABLE_PREVIEWS = YES;
				INFOPLIST_FILE = MoviesSwiftUI/Info.plist;
				LD_RUNPATH_SEARCH_PATHS = (
					"$(inherited)",
					"@executable_path/Frameworks",
				);
				PRODUCT_BUNDLE_IDENTIFIER = "fr.v-labs.MoviesSwiftUI";
				PRODUCT_NAME = "$(TARGET_NAME)";
				SWIFT_VERSION = 5.0;
				TARGETED_DEVICE_FAMILY = "1,2";
			};
			name = Release;
		};
/* End XCBuildConfiguration section */

/* Begin XCConfigurationList section */
		40EF5CC6250A4AA500837587 /* Build configuration list for PBXProject "MoviesSwiftUI" */ = {
			isa = XCConfigurationList;
			buildConfigurations = (
				40EF5CDD250A4AA600837587 /* Debug */,
				40EF5CDE250A4AA600837587 /* Release */,
			);
			defaultConfigurationIsVisible = 0;
			defaultConfigurationName = Release;
		};
		40EF5CDF250A4AA600837587 /* Build configuration list for PBXNativeTarget "MoviesSwiftUI" */ = {
			isa = XCConfigurationList;
			buildConfigurations = (
				40EF5CE0250A4AA600837587 /* Debug */,
				40EF5CE1250A4AA600837587 /* Release */,
			);
			defaultConfigurationIsVisible = 0;
			defaultConfigurationName = Release;
		};
/* End XCConfigurationList section */
	};
	rootObject = 40EF5CC3250A4AA500837587 /* Project object */;
}
