// !$*UTF8*$!
{
	archiveVersion = 1;
	classes = {
	};
	objectVersion = 52;
	objects = {

/* Begin PBXBuildFile section */
		4008D470251B4E1A002F642D /* Constants.swift in Sources */ = {isa = PBXBuildFile; fileRef = 4008D46F251B4E1A002F642D /* Constants.swift */; };
		4008D473251B792A002F642D /* ActorScreen.swift in Sources */ = {isa = PBXBuildFile; fileRef = 4008D472251B792A002F642D /* ActorScreen.swift */; };
		401EA3FF251B923F00AB420F /* CreditsResponse.swift in Sources */ = {isa = PBXBuildFile; fileRef = 401EA3FE251B923F00AB420F /* CreditsResponse.swift */; };
		401EA402251B94A400AB420F /* ActorViewModel.swift in Sources */ = {isa = PBXBuildFile; fileRef = 401EA401251B94A400AB420F /* ActorViewModel.swift */; };
		4026ED99251C84CE00BF5585 /* credit_info.json in Resources */ = {isa = PBXBuildFile; fileRef = 4026ED98251C84CE00BF5585 /* credit_info.json */; };
		4026ED9B251C853500BF5585 /* Bundle.swift in Sources */ = {isa = PBXBuildFile; fileRef = 4026ED9A251C853500BF5585 /* Bundle.swift */; };
		403FC1B52511F4E200C1B464 /* MoreScreenViewModel.swift in Sources */ = {isa = PBXBuildFile; fileRef = 403FC1B42511F4E200C1B464 /* MoreScreenViewModel.swift */; };
		404B3B342525E46900BC5DC9 /* Bundle+loadData.swift in Sources */ = {isa = PBXBuildFile; fileRef = 404B3B332525E46900BC5DC9 /* Bundle+loadData.swift */; };
		404B3B3E2525E58800BC5DC9 /* MoviesMoreViewModelTest.swift in Sources */ = {isa = PBXBuildFile; fileRef = 404B3B3D2525E58800BC5DC9 /* MoviesMoreViewModelTest.swift */; };
		404B3B442525ED9A00BC5DC9 /* MoviesListViewModelTestCase.swift in Sources */ = {isa = PBXBuildFile; fileRef = 404B3B432525ED9A00BC5DC9 /* MoviesListViewModelTestCase.swift */; };
		404B3B482525EFAF00BC5DC9 /* MovieSearchViewModelTestCase.swift in Sources */ = {isa = PBXBuildFile; fileRef = 404B3B472525EFAF00BC5DC9 /* MovieSearchViewModelTestCase.swift */; };
		404B3B4D2525FE1D00BC5DC9 /* MovieRepositoryTestCase.swift in Sources */ = {isa = PBXBuildFile; fileRef = 404B3B4C2525FE1D00BC5DC9 /* MovieRepositoryTestCase.swift */; };
		404B3B532525FE5000BC5DC9 /* MockMovieRepositoryOutput.swift in Sources */ = {isa = PBXBuildFile; fileRef = 404B3B522525FE5000BC5DC9 /* MockMovieRepositoryOutput.swift */; };
		404B3B5C252609C800BC5DC9 /* MoyaMovieDbTests.swift in Sources */ = {isa = PBXBuildFile; fileRef = 404B3B5B252609C800BC5DC9 /* MoyaMovieDbTests.swift */; };
		404C868425124825004BC567 /* ListScreen.swift in Sources */ = {isa = PBXBuildFile; fileRef = 404C868325124825004BC567 /* ListScreen.swift */; };
		405E0C902518A0F800FFD7EC /* MovieDb.swift in Sources */ = {isa = PBXBuildFile; fileRef = 405E0C8F2518A0F800FFD7EC /* MovieDb.swift */; };
		405E3128251CD95D00DB3E9A /* HomeScreen.swift in Sources */ = {isa = PBXBuildFile; fileRef = 405E3127251CD95D00DB3E9A /* HomeScreen.swift */; };
		40766D232525BFFB0033E56A /* MoviesDetailViewModelTestCase.swift in Sources */ = {isa = PBXBuildFile; fileRef = 40766D222525BFFB0033E56A /* MoviesDetailViewModelTestCase.swift */; };
		40766D272525C1D90033E56A /* CategoriesViewModelTestCase.swift in Sources */ = {isa = PBXBuildFile; fileRef = 40766D262525C1D90033E56A /* CategoriesViewModelTestCase.swift */; };
		40766D2E2525C2970033E56A /* genres.json in Resources */ = {isa = PBXBuildFile; fileRef = 40766D2D2525C2970033E56A /* genres.json */; };
		40766D342525C3170033E56A /* Stubs.swift in Sources */ = {isa = PBXBuildFile; fileRef = 40766D332525C3170033E56A /* Stubs.swift */; };
		40766D3C2525C7840033E56A /* StubsTestCase.swift in Sources */ = {isa = PBXBuildFile; fileRef = 40766D3B2525C7840033E56A /* StubsTestCase.swift */; };
		4085340D251A155D00127D3B /* MoviesRow.swift in Sources */ = {isa = PBXBuildFile; fileRef = 4085340C251A155D00127D3B /* MoviesRow.swift */; };
		40853414251A2CBC00127D3B /* DetailScreen.swift in Sources */ = {isa = PBXBuildFile; fileRef = 40853413251A2CBB00127D3B /* DetailScreen.swift */; };
		40853416251A46D200127D3B /* Colors.xcassets in Resources */ = {isa = PBXBuildFile; fileRef = 40853415251A46D200127D3B /* Colors.xcassets */; };
		4085FC6025137245001FF728 /* ListScreenViewModel.swift in Sources */ = {isa = PBXBuildFile; fileRef = 4085FC5F25137245001FF728 /* ListScreenViewModel.swift */; };
		4095FE06252B54BA00C8E519 /* credit_info.json in Resources */ = {isa = PBXBuildFile; fileRef = 4095FE05252B54BA00C8E519 /* credit_info.json */; };
		4095FE2E252C773A00C8E519 /* Error.swift in Sources */ = {isa = PBXBuildFile; fileRef = 4095FE2D252C773A00C8E519 /* Error.swift */; };
		4096F0D32521D60C00E21B85 /* GenresResponse.swift in Sources */ = {isa = PBXBuildFile; fileRef = 4096F0D22521D60C00E21B85 /* GenresResponse.swift */; };
		4096F0D52521DF7400E21B85 /* HomeScreenViewModel.swift in Sources */ = {isa = PBXBuildFile; fileRef = 4096F0D42521DF7400E21B85 /* HomeScreenViewModel.swift */; };
		4096F0D82521E28E00E21B85 /* CategoriesScreen.swift in Sources */ = {isa = PBXBuildFile; fileRef = 4096F0D72521E28E00E21B85 /* CategoriesScreen.swift */; };
		4096F0DA2521E32500E21B85 /* CategoriesScreenViewModel.swift in Sources */ = {isa = PBXBuildFile; fileRef = 4096F0D92521E32500E21B85 /* CategoriesScreenViewModel.swift */; };
		4096F0E4252200FE00E21B85 /* MovieDetailInfo.swift in Sources */ = {isa = PBXBuildFile; fileRef = 4096F0E3252200FE00E21B85 /* MovieDetailInfo.swift */; };
		4096F0E62522015400E21B85 /* CastCaroussel.swift in Sources */ = {isa = PBXBuildFile; fileRef = 4096F0E52522015400E21B85 /* CastCaroussel.swift */; };
		4096F0EB252201BE00E21B85 /* MovieDetailHeader.swift in Sources */ = {isa = PBXBuildFile; fileRef = 4096F0EA252201BE00E21B85 /* MovieDetailHeader.swift */; };
		4096F0F42522100300E21B85 /* CategoryButton.swift in Sources */ = {isa = PBXBuildFile; fileRef = 4096F0F32522100300E21B85 /* CategoryButton.swift */; };
		4096F0F72522127D00E21B85 /* ActorViewHeader.swift in Sources */ = {isa = PBXBuildFile; fileRef = 4096F0F62522127D00E21B85 /* ActorViewHeader.swift */; };
		4096F0F9252213D000E21B85 /* KnownForView.swift in Sources */ = {isa = PBXBuildFile; fileRef = 4096F0F8252213D000E21B85 /* KnownForView.swift */; };
		40C38110250B7CCE00EC7471 /* DetailScreenViewModel.swift in Sources */ = {isa = PBXBuildFile; fileRef = 40C3810F250B7CCE00EC7471 /* DetailScreenViewModel.swift */; };
		40C38116250BB15100EC7471 /* MovieSearchView.swift in Sources */ = {isa = PBXBuildFile; fileRef = 40C38115250BB15100EC7471 /* MovieSearchView.swift */; };
		40C38118250BB1CA00EC7471 /* SearchBar.swift in Sources */ = {isa = PBXBuildFile; fileRef = 40C38117250BB1CA00EC7471 /* SearchBar.swift */; };
		40C3811C250BBA9600EC7471 /* MovieSearchViewModel.swift in Sources */ = {isa = PBXBuildFile; fileRef = 40C3811B250BBA9600EC7471 /* MovieSearchViewModel.swift */; };
		40C3811E250BBFE100EC7471 /* MovieResponse.swift in Sources */ = {isa = PBXBuildFile; fileRef = 40C3811D250BBFE100EC7471 /* MovieResponse.swift */; };
		40C38122250BC00F00EC7471 /* MovieCredits.swift in Sources */ = {isa = PBXBuildFile; fileRef = 40C38121250BC00F00EC7471 /* MovieCredits.swift */; };
		40C38124250BC02000EC7471 /* MovieCast.swift in Sources */ = {isa = PBXBuildFile; fileRef = 40C38123250BC02000EC7471 /* MovieCast.swift */; };
		40C38126250BC02F00EC7471 /* MovieCrew.swift in Sources */ = {isa = PBXBuildFile; fileRef = 40C38125250BC02F00EC7471 /* MovieCrew.swift */; };
		40C38128250BC06A00EC7471 /* MovieVideoResponse.swift in Sources */ = {isa = PBXBuildFile; fileRef = 40C38127250BC06A00EC7471 /* MovieVideoResponse.swift */; };
		40DE0B172513431800F62358 /* MovieDbApi.swift in Sources */ = {isa = PBXBuildFile; fileRef = 40DE0B162513431800F62358 /* MovieDbApi.swift */; };
		40EF5CCF250A4AA500837587 /* AppDelegate.swift in Sources */ = {isa = PBXBuildFile; fileRef = 40EF5CCE250A4AA500837587 /* AppDelegate.swift */; };
		40EF5CD1250A4AA500837587 /* SceneDelegate.swift in Sources */ = {isa = PBXBuildFile; fileRef = 40EF5CD0250A4AA500837587 /* SceneDelegate.swift */; };
		40EF5CD3250A4AA500837587 /* TabbarScreen.swift in Sources */ = {isa = PBXBuildFile; fileRef = 40EF5CD2250A4AA500837587 /* TabbarScreen.swift */; };
		40EF5CD5250A4AA600837587 /* Assets.xcassets in Resources */ = {isa = PBXBuildFile; fileRef = 40EF5CD4250A4AA600837587 /* Assets.xcassets */; };
		40EF5CDB250A4AA600837587 /* LaunchScreen.storyboard in Resources */ = {isa = PBXBuildFile; fileRef = 40EF5CD9250A4AA600837587 /* LaunchScreen.storyboard */; };
		40EF5CEF250A4E6F00837587 /* MovieRepository.swift in Sources */ = {isa = PBXBuildFile; fileRef = 40EF5CEE250A4E6F00837587 /* MovieRepository.swift */; };
		40EF5CF3250A51D300837587 /* Utils.swift in Sources */ = {isa = PBXBuildFile; fileRef = 40EF5CF2250A51D300837587 /* Utils.swift */; };
		40EF5D09250A691D00837587 /* DiscoverCarousel.swift in Sources */ = {isa = PBXBuildFile; fileRef = 40EF5D08250A691C00837587 /* DiscoverCarousel.swift */; };
		40EF5D10250A6E5E00837587 /* ActivityIndicatorView.swift in Sources */ = {isa = PBXBuildFile; fileRef = 40EF5D0F250A6E5E00837587 /* ActivityIndicatorView.swift */; };
		40EF5D12250A6F3000837587 /* LoadingView.swift in Sources */ = {isa = PBXBuildFile; fileRef = 40EF5D11250A6F3000837587 /* LoadingView.swift */; };
		40EF5D14250B736800837587 /* MoreScreen.swift in Sources */ = {isa = PBXBuildFile; fileRef = 40EF5D13250B736800837587 /* MoreScreen.swift */; };
		40F07E002525E04600AB17CA /* movie_list.json in Resources */ = {isa = PBXBuildFile; fileRef = 40F07DFF2525E04600AB17CA /* movie_list.json */; };
		40F90371252486C900F43728 /* MoviesHomeViewModelTestCase.swift in Sources */ = {isa = PBXBuildFile; fileRef = 40F90370252486C900F43728 /* MoviesHomeViewModelTestCase.swift */; };
		40F903782524ACFF00F43728 /* MockMovieDbApi.swift in Sources */ = {isa = PBXBuildFile; fileRef = 40F903772524ACFF00F43728 /* MockMovieDbApi.swift */; };
		40F903832524AFE800F43728 /* MovieTests.swift in Sources */ = {isa = PBXBuildFile; fileRef = 40F903822524AFE800F43728 /* MovieTests.swift */; };
		40F903892524B5B800F43728 /* MockMovieRepository.swift in Sources */ = {isa = PBXBuildFile; fileRef = 40F903882524B5B800F43728 /* MockMovieRepository.swift */; };
		40F9039B2524CCFA00F43728 /* ActorViewModelTestCase.swift in Sources */ = {isa = PBXBuildFile; fileRef = 40F9039A2524CCFA00F43728 /* ActorViewModelTestCase.swift */; };
		54099E152513D907006446AD /* movie_list.json in Resources */ = {isa = PBXBuildFile; fileRef = 54099E122513D907006446AD /* movie_list.json */; };
		54099E162513D907006446AD /* movie_info.json in Resources */ = {isa = PBXBuildFile; fileRef = 54099E132513D907006446AD /* movie_info.json */; };
		54099E172513D907006446AD /* search_movie.json in Resources */ = {isa = PBXBuildFile; fileRef = 54099E142513D907006446AD /* search_movie.json */; };
		5460E361275FEAD60019AA63 /* SwiftUItilities in Frameworks */ = {isa = PBXBuildFile; productRef = 5460E360275FEAD60019AA63 /* SwiftUItilities */; };
		5460E363275FF0600019AA63 /* LoaderView.swift in Sources */ = {isa = PBXBuildFile; fileRef = 5460E362275FF0600019AA63 /* LoaderView.swift */; };
		5460E36527628FEB0019AA63 /* PopularCarouselCard.swift in Sources */ = {isa = PBXBuildFile; fileRef = 5460E36427628FEB0019AA63 /* PopularCarouselCard.swift */; };
		5460E367276290200019AA63 /* CarouselView.swift in Sources */ = {isa = PBXBuildFile; fileRef = 5460E366276290200019AA63 /* CarouselView.swift */; };
		5460E369276299910019AA63 /* UIImage+shadow.swift in Sources */ = {isa = PBXBuildFile; fileRef = 5460E368276299910019AA63 /* UIImage+shadow.swift */; };
		5460E36B27629A5C0019AA63 /* TabModel.swift in Sources */ = {isa = PBXBuildFile; fileRef = 5460E36A27629A5C0019AA63 /* TabModel.swift */; };
		5460E36D27629B7B0019AA63 /* HomeCaroussel.swift in Sources */ = {isa = PBXBuildFile; fileRef = 5460E36C27629B7B0019AA63 /* HomeCaroussel.swift */; };
		5460E36F27629D590019AA63 /* HomeMoviesGrid.swift in Sources */ = {isa = PBXBuildFile; fileRef = 5460E36E27629D590019AA63 /* HomeMoviesGrid.swift */; };
		5460E3712762A3CB0019AA63 /* HomeCategorySection.swift in Sources */ = {isa = PBXBuildFile; fileRef = 5460E3702762A3CB0019AA63 /* HomeCategorySection.swift */; };
		5460E3732762A60C0019AA63 /* ErrorView.swift in Sources */ = {isa = PBXBuildFile; fileRef = 5460E3722762A60C0019AA63 /* ErrorView.swift */; };
		5460E3752762AA6A0019AA63 /* HomeSectionHeading.swift in Sources */ = {isa = PBXBuildFile; fileRef = 5460E3742762AA6A0019AA63 /* HomeSectionHeading.swift */; };
		5460E3772762AF730019AA63 /* TwoColumnsGrid.swift in Sources */ = {isa = PBXBuildFile; fileRef = 5460E3762762AF730019AA63 /* TwoColumnsGrid.swift */; };
		5460E3792762B0760019AA63 /* View.swift in Sources */ = {isa = PBXBuildFile; fileRef = 5460E3782762B0760019AA63 /* View.swift */; };
		5460E37B2762B5480019AA63 /* EmptyView.swift in Sources */ = {isa = PBXBuildFile; fileRef = 5460E37A2762B5480019AA63 /* EmptyView.swift */; };
		5460E38027652D6D0019AA63 /* CGFloat.swift in Sources */ = {isa = PBXBuildFile; fileRef = 5460E37F27652D6C0019AA63 /* CGFloat.swift */; };
		54838A67251AB31D00CB2F2A /* Double+truncate.swift in Sources */ = {isa = PBXBuildFile; fileRef = 54838A66251AB31D00CB2F2A /* Double+truncate.swift */; };
		8B15FEEB84F8EBE1F94C2D85 /* libPods-MoviesSwiftUI.a in Frameworks */ = {isa = PBXBuildFile; fileRef = E8D17D038DE9D5F0A3AD675D /* libPods-MoviesSwiftUI.a */; };
		F7E1E6D3D7344CBC62DE90CE /* libPods-MoviesSwiftUITests.a in Frameworks */ = {isa = PBXBuildFile; fileRef = 5425BED5FA0A4BF5864A09B7 /* libPods-MoviesSwiftUITests.a */; };
/* End PBXBuildFile section */

/* Begin PBXContainerItemProxy section */
		40C6B6042524863800707A74 /* PBXContainerItemProxy */ = {
			isa = PBXContainerItemProxy;
			containerPortal = 40EF5CC3250A4AA500837587 /* Project object */;
			proxyType = 1;
			remoteGlobalIDString = 40EF5CCA250A4AA500837587;
			remoteInfo = MoviesSwiftUI;
		};
/* End PBXContainerItemProxy section */

/* Begin PBXFileReference section */
		4008D46F251B4E1A002F642D /* Constants.swift */ = {isa = PBXFileReference; lastKnownFileType = sourcecode.swift; path = Constants.swift; sourceTree = "<group>"; };
		4008D472251B792A002F642D /* ActorScreen.swift */ = {isa = PBXFileReference; lastKnownFileType = sourcecode.swift; path = ActorScreen.swift; sourceTree = "<group>"; };
		401EA3FE251B923F00AB420F /* CreditsResponse.swift */ = {isa = PBXFileReference; lastKnownFileType = sourcecode.swift; path = CreditsResponse.swift; sourceTree = "<group>"; };
		401EA401251B94A400AB420F /* ActorViewModel.swift */ = {isa = PBXFileReference; lastKnownFileType = sourcecode.swift; path = ActorViewModel.swift; sourceTree = "<group>"; };
		4026ED98251C84CE00BF5585 /* credit_info.json */ = {isa = PBXFileReference; lastKnownFileType = text.json; path = credit_info.json; sourceTree = "<group>"; };
		4026ED9A251C853500BF5585 /* Bundle.swift */ = {isa = PBXFileReference; lastKnownFileType = sourcecode.swift; path = Bundle.swift; sourceTree = "<group>"; };
		403FC1B42511F4E200C1B464 /* MoreScreenViewModel.swift */ = {isa = PBXFileReference; lastKnownFileType = sourcecode.swift; path = MoreScreenViewModel.swift; sourceTree = "<group>"; };
		404B3B332525E46900BC5DC9 /* Bundle+loadData.swift */ = {isa = PBXFileReference; lastKnownFileType = sourcecode.swift; path = "Bundle+loadData.swift"; sourceTree = "<group>"; };
		404B3B3D2525E58800BC5DC9 /* MoviesMoreViewModelTest.swift */ = {isa = PBXFileReference; lastKnownFileType = sourcecode.swift; path = MoviesMoreViewModelTest.swift; sourceTree = "<group>"; };
		404B3B432525ED9A00BC5DC9 /* MoviesListViewModelTestCase.swift */ = {isa = PBXFileReference; lastKnownFileType = sourcecode.swift; path = MoviesListViewModelTestCase.swift; sourceTree = "<group>"; };
		404B3B472525EFAF00BC5DC9 /* MovieSearchViewModelTestCase.swift */ = {isa = PBXFileReference; lastKnownFileType = sourcecode.swift; path = MovieSearchViewModelTestCase.swift; sourceTree = "<group>"; };
		404B3B4C2525FE1D00BC5DC9 /* MovieRepositoryTestCase.swift */ = {isa = PBXFileReference; lastKnownFileType = sourcecode.swift; path = MovieRepositoryTestCase.swift; sourceTree = "<group>"; };
		404B3B522525FE5000BC5DC9 /* MockMovieRepositoryOutput.swift */ = {isa = PBXFileReference; lastKnownFileType = sourcecode.swift; path = MockMovieRepositoryOutput.swift; sourceTree = "<group>"; };
		404B3B5B252609C800BC5DC9 /* MoyaMovieDbTests.swift */ = {isa = PBXFileReference; lastKnownFileType = sourcecode.swift; path = MoyaMovieDbTests.swift; sourceTree = "<group>"; };
		404C868325124825004BC567 /* ListScreen.swift */ = {isa = PBXFileReference; lastKnownFileType = sourcecode.swift; path = ListScreen.swift; sourceTree = "<group>"; };
		405E0C8F2518A0F800FFD7EC /* MovieDb.swift */ = {isa = PBXFileReference; lastKnownFileType = sourcecode.swift; path = MovieDb.swift; sourceTree = "<group>"; };
		405E3127251CD95D00DB3E9A /* HomeScreen.swift */ = {isa = PBXFileReference; lastKnownFileType = sourcecode.swift; path = HomeScreen.swift; sourceTree = "<group>"; };
		40766D222525BFFB0033E56A /* MoviesDetailViewModelTestCase.swift */ = {isa = PBXFileReference; lastKnownFileType = sourcecode.swift; path = MoviesDetailViewModelTestCase.swift; sourceTree = "<group>"; };
		40766D262525C1D90033E56A /* CategoriesViewModelTestCase.swift */ = {isa = PBXFileReference; lastKnownFileType = sourcecode.swift; path = CategoriesViewModelTestCase.swift; sourceTree = "<group>"; };
		40766D2D2525C2970033E56A /* genres.json */ = {isa = PBXFileReference; lastKnownFileType = text.json; path = genres.json; sourceTree = "<group>"; };
		40766D332525C3170033E56A /* Stubs.swift */ = {isa = PBXFileReference; lastKnownFileType = sourcecode.swift; path = Stubs.swift; sourceTree = "<group>"; };
		40766D3B2525C7840033E56A /* StubsTestCase.swift */ = {isa = PBXFileReference; lastKnownFileType = sourcecode.swift; path = StubsTestCase.swift; sourceTree = "<group>"; };
		4085340C251A155D00127D3B /* MoviesRow.swift */ = {isa = PBXFileReference; lastKnownFileType = sourcecode.swift; path = MoviesRow.swift; sourceTree = "<group>"; };
		40853413251A2CBB00127D3B /* DetailScreen.swift */ = {isa = PBXFileReference; lastKnownFileType = sourcecode.swift; path = DetailScreen.swift; sourceTree = "<group>"; };
		40853415251A46D200127D3B /* Colors.xcassets */ = {isa = PBXFileReference; lastKnownFileType = folder.assetcatalog; path = Colors.xcassets; sourceTree = "<group>"; };
		4085FC5F25137245001FF728 /* ListScreenViewModel.swift */ = {isa = PBXFileReference; lastKnownFileType = sourcecode.swift; path = ListScreenViewModel.swift; sourceTree = "<group>"; };
		4095FE05252B54BA00C8E519 /* credit_info.json */ = {isa = PBXFileReference; lastKnownFileType = text.json; path = credit_info.json; sourceTree = "<group>"; };
		4095FE2D252C773A00C8E519 /* Error.swift */ = {isa = PBXFileReference; lastKnownFileType = sourcecode.swift; path = Error.swift; sourceTree = "<group>"; };
		4096F0D22521D60C00E21B85 /* GenresResponse.swift */ = {isa = PBXFileReference; lastKnownFileType = sourcecode.swift; path = GenresResponse.swift; sourceTree = "<group>"; };
		4096F0D42521DF7400E21B85 /* HomeScreenViewModel.swift */ = {isa = PBXFileReference; lastKnownFileType = sourcecode.swift; path = HomeScreenViewModel.swift; sourceTree = "<group>"; };
		4096F0D72521E28E00E21B85 /* CategoriesScreen.swift */ = {isa = PBXFileReference; lastKnownFileType = sourcecode.swift; path = CategoriesScreen.swift; sourceTree = "<group>"; };
		4096F0D92521E32500E21B85 /* CategoriesScreenViewModel.swift */ = {isa = PBXFileReference; lastKnownFileType = sourcecode.swift; path = CategoriesScreenViewModel.swift; sourceTree = "<group>"; };
		4096F0E3252200FE00E21B85 /* MovieDetailInfo.swift */ = {isa = PBXFileReference; lastKnownFileType = sourcecode.swift; path = MovieDetailInfo.swift; sourceTree = "<group>"; };
		4096F0E52522015400E21B85 /* CastCaroussel.swift */ = {isa = PBXFileReference; lastKnownFileType = sourcecode.swift; path = CastCaroussel.swift; sourceTree = "<group>"; };
		4096F0EA252201BE00E21B85 /* MovieDetailHeader.swift */ = {isa = PBXFileReference; lastKnownFileType = sourcecode.swift; path = MovieDetailHeader.swift; sourceTree = "<group>"; };
		4096F0F32522100300E21B85 /* CategoryButton.swift */ = {isa = PBXFileReference; lastKnownFileType = sourcecode.swift; path = CategoryButton.swift; sourceTree = "<group>"; };
		4096F0F62522127D00E21B85 /* ActorViewHeader.swift */ = {isa = PBXFileReference; lastKnownFileType = sourcecode.swift; path = ActorViewHeader.swift; sourceTree = "<group>"; };
		4096F0F8252213D000E21B85 /* KnownForView.swift */ = {isa = PBXFileReference; lastKnownFileType = sourcecode.swift; path = KnownForView.swift; sourceTree = "<group>"; };
		40C3810F250B7CCE00EC7471 /* DetailScreenViewModel.swift */ = {isa = PBXFileReference; lastKnownFileType = sourcecode.swift; path = DetailScreenViewModel.swift; sourceTree = "<group>"; };
		40C38115250BB15100EC7471 /* MovieSearchView.swift */ = {isa = PBXFileReference; lastKnownFileType = sourcecode.swift; path = MovieSearchView.swift; sourceTree = "<group>"; };
		40C38117250BB1CA00EC7471 /* SearchBar.swift */ = {isa = PBXFileReference; lastKnownFileType = sourcecode.swift; path = SearchBar.swift; sourceTree = "<group>"; };
		40C3811B250BBA9600EC7471 /* MovieSearchViewModel.swift */ = {isa = PBXFileReference; lastKnownFileType = sourcecode.swift; path = MovieSearchViewModel.swift; sourceTree = "<group>"; };
		40C3811D250BBFE100EC7471 /* MovieResponse.swift */ = {isa = PBXFileReference; lastKnownFileType = sourcecode.swift; path = MovieResponse.swift; sourceTree = "<group>"; };
		40C38121250BC00F00EC7471 /* MovieCredits.swift */ = {isa = PBXFileReference; lastKnownFileType = sourcecode.swift; path = MovieCredits.swift; sourceTree = "<group>"; };
		40C38123250BC02000EC7471 /* MovieCast.swift */ = {isa = PBXFileReference; lastKnownFileType = sourcecode.swift; path = MovieCast.swift; sourceTree = "<group>"; };
		40C38125250BC02F00EC7471 /* MovieCrew.swift */ = {isa = PBXFileReference; lastKnownFileType = sourcecode.swift; path = MovieCrew.swift; sourceTree = "<group>"; };
		40C38127250BC06A00EC7471 /* MovieVideoResponse.swift */ = {isa = PBXFileReference; lastKnownFileType = sourcecode.swift; path = MovieVideoResponse.swift; sourceTree = "<group>"; };
		40C6B5FF2524863800707A74 /* MoviesSwiftUITests.xctest */ = {isa = PBXFileReference; explicitFileType = wrapper.cfbundle; includeInIndex = 0; path = MoviesSwiftUITests.xctest; sourceTree = BUILT_PRODUCTS_DIR; };
		40C6B6032524863800707A74 /* Info.plist */ = {isa = PBXFileReference; lastKnownFileType = text.plist.xml; path = Info.plist; sourceTree = "<group>"; };
		40DE0B162513431800F62358 /* MovieDbApi.swift */ = {isa = PBXFileReference; lastKnownFileType = sourcecode.swift; path = MovieDbApi.swift; sourceTree = "<group>"; };
		40EF5CCB250A4AA500837587 /* MoviesSwiftUI.app */ = {isa = PBXFileReference; explicitFileType = wrapper.application; includeInIndex = 0; path = MoviesSwiftUI.app; sourceTree = BUILT_PRODUCTS_DIR; };
		40EF5CCE250A4AA500837587 /* AppDelegate.swift */ = {isa = PBXFileReference; lastKnownFileType = sourcecode.swift; path = AppDelegate.swift; sourceTree = "<group>"; };
		40EF5CD0250A4AA500837587 /* SceneDelegate.swift */ = {isa = PBXFileReference; lastKnownFileType = sourcecode.swift; path = SceneDelegate.swift; sourceTree = "<group>"; };
		40EF5CD2250A4AA500837587 /* TabbarScreen.swift */ = {isa = PBXFileReference; lastKnownFileType = sourcecode.swift; path = TabbarScreen.swift; sourceTree = "<group>"; };
		40EF5CD4250A4AA600837587 /* Assets.xcassets */ = {isa = PBXFileReference; lastKnownFileType = folder.assetcatalog; path = Assets.xcassets; sourceTree = "<group>"; };
		40EF5CDA250A4AA600837587 /* Base */ = {isa = PBXFileReference; lastKnownFileType = file.storyboard; name = Base; path = Base.lproj/LaunchScreen.storyboard; sourceTree = "<group>"; };
		40EF5CDC250A4AA600837587 /* Info.plist */ = {isa = PBXFileReference; lastKnownFileType = text.plist.xml; path = Info.plist; sourceTree = "<group>"; };
		40EF5CEE250A4E6F00837587 /* MovieRepository.swift */ = {isa = PBXFileReference; lastKnownFileType = sourcecode.swift; path = MovieRepository.swift; sourceTree = "<group>"; };
		40EF5CF2250A51D300837587 /* Utils.swift */ = {isa = PBXFileReference; lastKnownFileType = sourcecode.swift; path = Utils.swift; sourceTree = "<group>"; };
		40EF5D08250A691C00837587 /* DiscoverCarousel.swift */ = {isa = PBXFileReference; lastKnownFileType = sourcecode.swift; path = DiscoverCarousel.swift; sourceTree = "<group>"; };
		40EF5D0F250A6E5E00837587 /* ActivityIndicatorView.swift */ = {isa = PBXFileReference; lastKnownFileType = sourcecode.swift; path = ActivityIndicatorView.swift; sourceTree = "<group>"; };
		40EF5D11250A6F3000837587 /* LoadingView.swift */ = {isa = PBXFileReference; lastKnownFileType = sourcecode.swift; path = LoadingView.swift; sourceTree = "<group>"; };
		40EF5D13250B736800837587 /* MoreScreen.swift */ = {isa = PBXFileReference; lastKnownFileType = sourcecode.swift; path = MoreScreen.swift; sourceTree = "<group>"; };
		40F07DFF2525E04600AB17CA /* movie_list.json */ = {isa = PBXFileReference; lastKnownFileType = text.json; path = movie_list.json; sourceTree = "<group>"; };
		40F90370252486C900F43728 /* MoviesHomeViewModelTestCase.swift */ = {isa = PBXFileReference; lastKnownFileType = sourcecode.swift; path = MoviesHomeViewModelTestCase.swift; sourceTree = "<group>"; };
		40F903772524ACFF00F43728 /* MockMovieDbApi.swift */ = {isa = PBXFileReference; lastKnownFileType = sourcecode.swift; path = MockMovieDbApi.swift; sourceTree = "<group>"; };
		40F903822524AFE800F43728 /* MovieTests.swift */ = {isa = PBXFileReference; lastKnownFileType = sourcecode.swift; path = MovieTests.swift; sourceTree = "<group>"; };
		40F903882524B5B800F43728 /* MockMovieRepository.swift */ = {isa = PBXFileReference; lastKnownFileType = sourcecode.swift; path = MockMovieRepository.swift; sourceTree = "<group>"; };
		40F9039A2524CCFA00F43728 /* ActorViewModelTestCase.swift */ = {isa = PBXFileReference; lastKnownFileType = sourcecode.swift; path = ActorViewModelTestCase.swift; sourceTree = "<group>"; };
		54099E122513D907006446AD /* movie_list.json */ = {isa = PBXFileReference; fileEncoding = 4; lastKnownFileType = text.json; path = movie_list.json; sourceTree = "<group>"; };
		54099E132513D907006446AD /* movie_info.json */ = {isa = PBXFileReference; fileEncoding = 4; lastKnownFileType = text.json; path = movie_info.json; sourceTree = "<group>"; };
		54099E142513D907006446AD /* search_movie.json */ = {isa = PBXFileReference; fileEncoding = 4; lastKnownFileType = text.json; path = search_movie.json; sourceTree = "<group>"; };
		5425BED5FA0A4BF5864A09B7 /* libPods-MoviesSwiftUITests.a */ = {isa = PBXFileReference; explicitFileType = archive.ar; includeInIndex = 0; path = "libPods-MoviesSwiftUITests.a"; sourceTree = BUILT_PRODUCTS_DIR; };
		5460E362275FF0600019AA63 /* LoaderView.swift */ = {isa = PBXFileReference; lastKnownFileType = sourcecode.swift; path = LoaderView.swift; sourceTree = "<group>"; };
		5460E36427628FEB0019AA63 /* PopularCarouselCard.swift */ = {isa = PBXFileReference; lastKnownFileType = sourcecode.swift; path = PopularCarouselCard.swift; sourceTree = "<group>"; };
		5460E366276290200019AA63 /* CarouselView.swift */ = {isa = PBXFileReference; lastKnownFileType = sourcecode.swift; path = CarouselView.swift; sourceTree = "<group>"; };
		5460E368276299910019AA63 /* UIImage+shadow.swift */ = {isa = PBXFileReference; lastKnownFileType = sourcecode.swift; path = "UIImage+shadow.swift"; sourceTree = "<group>"; };
		5460E36A27629A5C0019AA63 /* TabModel.swift */ = {isa = PBXFileReference; lastKnownFileType = sourcecode.swift; path = TabModel.swift; sourceTree = "<group>"; };
		5460E36C27629B7B0019AA63 /* HomeCaroussel.swift */ = {isa = PBXFileReference; lastKnownFileType = sourcecode.swift; path = HomeCaroussel.swift; sourceTree = "<group>"; };
		5460E36E27629D590019AA63 /* HomeMoviesGrid.swift */ = {isa = PBXFileReference; lastKnownFileType = sourcecode.swift; path = HomeMoviesGrid.swift; sourceTree = "<group>"; };
		5460E3702762A3CB0019AA63 /* HomeCategorySection.swift */ = {isa = PBXFileReference; lastKnownFileType = sourcecode.swift; path = HomeCategorySection.swift; sourceTree = "<group>"; };
		5460E3722762A60C0019AA63 /* ErrorView.swift */ = {isa = PBXFileReference; lastKnownFileType = sourcecode.swift; path = ErrorView.swift; sourceTree = "<group>"; };
		5460E3742762AA6A0019AA63 /* HomeSectionHeading.swift */ = {isa = PBXFileReference; lastKnownFileType = sourcecode.swift; path = HomeSectionHeading.swift; sourceTree = "<group>"; };
		5460E3762762AF730019AA63 /* TwoColumnsGrid.swift */ = {isa = PBXFileReference; lastKnownFileType = sourcecode.swift; path = TwoColumnsGrid.swift; sourceTree = "<group>"; };
		5460E3782762B0760019AA63 /* View.swift */ = {isa = PBXFileReference; lastKnownFileType = sourcecode.swift; path = View.swift; sourceTree = "<group>"; };
		5460E37A2762B5480019AA63 /* EmptyView.swift */ = {isa = PBXFileReference; lastKnownFileType = sourcecode.swift; path = EmptyView.swift; sourceTree = "<group>"; };
		5460E37F27652D6C0019AA63 /* CGFloat.swift */ = {isa = PBXFileReference; lastKnownFileType = sourcecode.swift; path = CGFloat.swift; sourceTree = "<group>"; };
		54838A66251AB31D00CB2F2A /* Double+truncate.swift */ = {isa = PBXFileReference; lastKnownFileType = sourcecode.swift; path = "Double+truncate.swift"; sourceTree = "<group>"; };
		764F2AE3AD45999B719AEB1F /* Pods-MoviesSwiftUI.debug.xcconfig */ = {isa = PBXFileReference; includeInIndex = 1; lastKnownFileType = text.xcconfig; name = "Pods-MoviesSwiftUI.debug.xcconfig"; path = "Target Support Files/Pods-MoviesSwiftUI/Pods-MoviesSwiftUI.debug.xcconfig"; sourceTree = "<group>"; };
		B1D36DD21352CB36E004B132 /* Pods-MoviesSwiftUI.release.xcconfig */ = {isa = PBXFileReference; includeInIndex = 1; lastKnownFileType = text.xcconfig; name = "Pods-MoviesSwiftUI.release.xcconfig"; path = "Target Support Files/Pods-MoviesSwiftUI/Pods-MoviesSwiftUI.release.xcconfig"; sourceTree = "<group>"; };
		BA1B1ECAA25FF10BDD5669C0 /* Pods-MoviesSwiftUITests.debug.xcconfig */ = {isa = PBXFileReference; includeInIndex = 1; lastKnownFileType = text.xcconfig; name = "Pods-MoviesSwiftUITests.debug.xcconfig"; path = "Target Support Files/Pods-MoviesSwiftUITests/Pods-MoviesSwiftUITests.debug.xcconfig"; sourceTree = "<group>"; };
		E8D17D038DE9D5F0A3AD675D /* libPods-MoviesSwiftUI.a */ = {isa = PBXFileReference; explicitFileType = archive.ar; includeInIndex = 0; path = "libPods-MoviesSwiftUI.a"; sourceTree = BUILT_PRODUCTS_DIR; };
		F2B292E8A0744ADA94C4040B /* Pods-MoviesSwiftUITests.release.xcconfig */ = {isa = PBXFileReference; includeInIndex = 1; lastKnownFileType = text.xcconfig; name = "Pods-MoviesSwiftUITests.release.xcconfig"; path = "Target Support Files/Pods-MoviesSwiftUITests/Pods-MoviesSwiftUITests.release.xcconfig"; sourceTree = "<group>"; };
/* End PBXFileReference section */

/* Begin PBXFrameworksBuildPhase section */
		40C6B5FC2524863800707A74 /* Frameworks */ = {
			isa = PBXFrameworksBuildPhase;
			buildActionMask = 2147483647;
			files = (
				F7E1E6D3D7344CBC62DE90CE /* libPods-MoviesSwiftUITests.a in Frameworks */,
			);
			runOnlyForDeploymentPostprocessing = 0;
		};
		40EF5CC8250A4AA500837587 /* Frameworks */ = {
			isa = PBXFrameworksBuildPhase;
			buildActionMask = 2147483647;
			files = (
				8B15FEEB84F8EBE1F94C2D85 /* libPods-MoviesSwiftUI.a in Frameworks */,
				5460E361275FEAD60019AA63 /* SwiftUItilities in Frameworks */,
			);
			runOnlyForDeploymentPostprocessing = 0;
		};
/* End PBXFrameworksBuildPhase section */

/* Begin PBXGroup section */
		4008D471251B7919002F642D /* Actor */ = {
			isa = PBXGroup;
			children = (
				4096F0F52522126900E21B85 /* Components */,
				4008D472251B792A002F642D /* ActorScreen.swift */,
				401EA401251B94A400AB420F /* ActorViewModel.swift */,
			);
			path = Actor;
			sourceTree = "<group>";
		};
		4017EE562513B37C0015EE46 /* Client */ = {
			isa = PBXGroup;
			children = (
				40DE0B162513431800F62358 /* MovieDbApi.swift */,
				405E0C8F2518A0F800FFD7EC /* MovieDb.swift */,
			);
			path = Client;
			sourceTree = "<group>";
		};
		403FC1782510BB1000C1B464 /* Resources */ = {
			isa = PBXGroup;
			children = (
				40EF5CD0250A4AA500837587 /* SceneDelegate.swift */,
				40EF5CCE250A4AA500837587 /* AppDelegate.swift */,
				40EF5CD4250A4AA600837587 /* Assets.xcassets */,
				40853415251A46D200127D3B /* Colors.xcassets */,
				40EF5CD9250A4AA600837587 /* LaunchScreen.storyboard */,
			);
			path = Resources;
			sourceTree = "<group>";
		};
		404B3B2E2525E42500BC5DC9 /* json */ = {
			isa = PBXGroup;
			children = (
				40766D2D2525C2970033E56A /* genres.json */,
				40F07DFF2525E04600AB17CA /* movie_list.json */,
				4095FE05252B54BA00C8E519 /* credit_info.json */,
			);
			path = json;
			sourceTree = "<group>";
		};
		404B3B4B2525FDCB00BC5DC9 /* Repository */ = {
			isa = PBXGroup;
			children = (
				40F903882524B5B800F43728 /* MockMovieRepository.swift */,
				404B3B4C2525FE1D00BC5DC9 /* MovieRepositoryTestCase.swift */,
				404B3B522525FE5000BC5DC9 /* MockMovieRepositoryOutput.swift */,
			);
			path = Repository;
			sourceTree = "<group>";
		};
		405865C5250F51E50090BA77 /* Detail */ = {
			isa = PBXGroup;
			children = (
				4096F0E02522008D00E21B85 /* Components */,
				40853413251A2CBB00127D3B /* DetailScreen.swift */,
				40C3810F250B7CCE00EC7471 /* DetailScreenViewModel.swift */,
			);
			path = Detail;
			sourceTree = "<group>";
		};
		405865C6250F521C0090BA77 /* Search */ = {
			isa = PBXGroup;
			children = (
				40C38115250BB15100EC7471 /* MovieSearchView.swift */,
				40C3811B250BBA9600EC7471 /* MovieSearchViewModel.swift */,
				40C38117250BB1CA00EC7471 /* SearchBar.swift */,
			);
			path = Search;
			sourceTree = "<group>";
		};
		40766D2C2525C27A0033E56A /* Stubs */ = {
			isa = PBXGroup;
			children = (
				404B3B2E2525E42500BC5DC9 /* json */,
				40766D332525C3170033E56A /* Stubs.swift */,
				40766D3B2525C7840033E56A /* StubsTestCase.swift */,
			);
			path = Stubs;
			sourceTree = "<group>";
		};
		4085FC6125137828001FF728 /* Components */ = {
			isa = PBXGroup;
			children = (
				40EF5D08250A691C00837587 /* DiscoverCarousel.swift */,
			);
			path = Components;
			sourceTree = "<group>";
		};
		4085FC6325137873001FF728 /* Loading */ = {
			isa = PBXGroup;
			children = (
				40EF5D11250A6F3000837587 /* LoadingView.swift */,
				40EF5D0F250A6E5E00837587 /* ActivityIndicatorView.swift */,
			);
			path = Loading;
			sourceTree = "<group>";
		};
		4085FC64251378FC001FF728 /* Repository */ = {
			isa = PBXGroup;
			children = (
				40EF5CEE250A4E6F00837587 /* MovieRepository.swift */,
			);
			path = Repository;
			sourceTree = "<group>";
		};
		4096F0D62521E27D00E21B85 /* Category */ = {
			isa = PBXGroup;
			children = (
				4096F0D72521E28E00E21B85 /* CategoriesScreen.swift */,
				4096F0D92521E32500E21B85 /* CategoriesScreenViewModel.swift */,
			);
			path = Category;
			sourceTree = "<group>";
		};
		4096F0DF2522007C00E21B85 /* Components */ = {
			isa = PBXGroup;
			children = (
				4085340C251A155D00127D3B /* MoviesRow.swift */,
			);
			path = Components;
			sourceTree = "<group>";
		};
		4096F0E02522008D00E21B85 /* Components */ = {
			isa = PBXGroup;
			children = (
				4096F0E3252200FE00E21B85 /* MovieDetailInfo.swift */,
				4096F0E52522015400E21B85 /* CastCaroussel.swift */,
				4096F0EA252201BE00E21B85 /* MovieDetailHeader.swift */,
			);
			path = Components;
			sourceTree = "<group>";
		};
		4096F0EC25220E8100E21B85 /* Composants */ = {
			isa = PBXGroup;
			children = (
				4096F0F32522100300E21B85 /* CategoryButton.swift */,
				5460E36427628FEB0019AA63 /* PopularCarouselCard.swift */,
				5460E36C27629B7B0019AA63 /* HomeCaroussel.swift */,
				5460E36E27629D590019AA63 /* HomeMoviesGrid.swift */,
				5460E3702762A3CB0019AA63 /* HomeCategorySection.swift */,
				5460E3742762AA6A0019AA63 /* HomeSectionHeading.swift */,
			);
			path = Composants;
			sourceTree = "<group>";
		};
		4096F0F52522126900E21B85 /* Components */ = {
			isa = PBXGroup;
			children = (
				4096F0F62522127D00E21B85 /* ActorViewHeader.swift */,
				4096F0F8252213D000E21B85 /* KnownForView.swift */,
			);
			path = Components;
			sourceTree = "<group>";
		};
		40C6B6002524863800707A74 /* MoviesSwiftUITests */ = {
			isa = PBXGroup;
			children = (
				40F7F79C2525C9D400F3691B /* Extensions+Helpers */,
				40F9037F2524AF0C00F43728 /* Data */,
				40F9037E2524AEF100F43728 /* Domain */,
				40F903762524ACD200F43728 /* Screens */,
				40C6B6032524863800707A74 /* Info.plist */,
			);
			path = MoviesSwiftUITests;
			sourceTree = "<group>";
		};
		40DE0B1A25136D5A00F62358 /* Tab */ = {
			isa = PBXGroup;
			children = (
				40EF5CD2250A4AA500837587 /* TabbarScreen.swift */,
				5460E36A27629A5C0019AA63 /* TabModel.swift */,
			);
			path = Tab;
			sourceTree = "<group>";
		};
		40EF5CC2250A4AA500837587 = {
			isa = PBXGroup;
			children = (
				40EF5CCD250A4AA500837587 /* MoviesSwiftUI */,
				40C6B6002524863800707A74 /* MoviesSwiftUITests */,
				40EF5CCC250A4AA500837587 /* Products */,
				CC445889AA65D2FDD597D390 /* Pods */,
				7C7564926BB7048880A39035 /* Frameworks */,
			);
			sourceTree = "<group>";
		};
		40EF5CCC250A4AA500837587 /* Products */ = {
			isa = PBXGroup;
			children = (
				40EF5CCB250A4AA500837587 /* MoviesSwiftUI.app */,
				40C6B5FF2524863800707A74 /* MoviesSwiftUITests.xctest */,
			);
			name = Products;
			sourceTree = "<group>";
		};
		40EF5CCD250A4AA500837587 /* MoviesSwiftUI */ = {
			isa = PBXGroup;
			children = (
				40EF5CE3250A4AEE00837587 /* Domain */,
				40EF5CE4250A4AF400837587 /* Data */,
				54838A65251AB30300CB2F2A /* Extensions */,
				40EF5CE2250A4AE900837587 /* Screen */,
				403FC1782510BB1000C1B464 /* Resources */,
				54037A282731E2AC002F7AFF /* UI */,
				40EF5CDC250A4AA600837587 /* Info.plist */,
			);
			path = MoviesSwiftUI;
			sourceTree = "<group>";
		};
		40EF5CE2250A4AE900837587 /* Screen */ = {
			isa = PBXGroup;
			children = (
				4008D471251B7919002F642D /* Actor */,
				405865C5250F51E50090BA77 /* Detail */,
				4096F0D62521E27D00E21B85 /* Category */,
				5483B42A251D3BCC008A344A /* Home */,
				40DE0B1A25136D5A00F62358 /* Tab */,
				40EF5CE5250A4B2100837587 /* More */,
				5483B42B251D3BE7008A344A /* List */,
				4085FC6325137873001FF728 /* Loading */,
				405865C6250F521C0090BA77 /* Search */,
			);
			path = Screen;
			sourceTree = "<group>";
		};
		40EF5CE3250A4AEE00837587 /* Domain */ = {
			isa = PBXGroup;
			children = (
				40EF5CE6250A4B6300837587 /* Model */,
			);
			path = Domain;
			sourceTree = "<group>";
		};
		40EF5CE4250A4AF400837587 /* Data */ = {
			isa = PBXGroup;
			children = (
				4017EE562513B37C0015EE46 /* Client */,
				4085FC64251378FC001FF728 /* Repository */,
				40EF5CF6250A5A8400837587 /* SampleData */,
			);
			path = Data;
			sourceTree = "<group>";
		};
		40EF5CE5250A4B2100837587 /* More */ = {
			isa = PBXGroup;
			children = (
				4085FC6125137828001FF728 /* Components */,
				40EF5D13250B736800837587 /* MoreScreen.swift */,
				403FC1B42511F4E200C1B464 /* MoreScreenViewModel.swift */,
			);
			path = More;
			sourceTree = "<group>";
		};
		40EF5CE6250A4B6300837587 /* Model */ = {
			isa = PBXGroup;
			children = (
				401EA3FE251B923F00AB420F /* CreditsResponse.swift */,
				4095FE2D252C773A00C8E519 /* Error.swift */,
				4096F0D22521D60C00E21B85 /* GenresResponse.swift */,
				40C38123250BC02000EC7471 /* MovieCast.swift */,
				40C38121250BC00F00EC7471 /* MovieCredits.swift */,
				40C38125250BC02F00EC7471 /* MovieCrew.swift */,
				40C3811D250BBFE100EC7471 /* MovieResponse.swift */,
				40C38127250BC06A00EC7471 /* MovieVideoResponse.swift */,
			);
			path = Model;
			sourceTree = "<group>";
		};
		40EF5CF6250A5A8400837587 /* SampleData */ = {
			isa = PBXGroup;
			children = (
				54099E132513D907006446AD /* movie_info.json */,
				54099E122513D907006446AD /* movie_list.json */,
				54099E142513D907006446AD /* search_movie.json */,
				4026ED98251C84CE00BF5585 /* credit_info.json */,
			);
			path = SampleData;
			sourceTree = "<group>";
		};
		40F7F79C2525C9D400F3691B /* Extensions+Helpers */ = {
			isa = PBXGroup;
			children = (
				404B3B332525E46900BC5DC9 /* Bundle+loadData.swift */,
			);
			path = "Extensions+Helpers";
			sourceTree = "<group>";
		};
		40F903762524ACD200F43728 /* Screens */ = {
			isa = PBXGroup;
			children = (
				40F9039A2524CCFA00F43728 /* ActorViewModelTestCase.swift */,
				40766D262525C1D90033E56A /* CategoriesViewModelTestCase.swift */,
				40766D222525BFFB0033E56A /* MoviesDetailViewModelTestCase.swift */,
				40F90370252486C900F43728 /* MoviesHomeViewModelTestCase.swift */,
				404B3B3D2525E58800BC5DC9 /* MoviesMoreViewModelTest.swift */,
				404B3B432525ED9A00BC5DC9 /* MoviesListViewModelTestCase.swift */,
				404B3B472525EFAF00BC5DC9 /* MovieSearchViewModelTestCase.swift */,
			);
			path = Screens;
			sourceTree = "<group>";
		};
		40F9037D2524AEE800F43728 /* Client */ = {
			isa = PBXGroup;
			children = (
				40F903772524ACFF00F43728 /* MockMovieDbApi.swift */,
				404B3B5B252609C800BC5DC9 /* MoyaMovieDbTests.swift */,
			);
			path = Client;
			sourceTree = "<group>";
		};
		40F9037E2524AEF100F43728 /* Domain */ = {
			isa = PBXGroup;
			children = (
				40F903802524AFA800F43728 /* Model */,
			);
			path = Domain;
			sourceTree = "<group>";
		};
		40F9037F2524AF0C00F43728 /* Data */ = {
			isa = PBXGroup;
			children = (
				404B3B4B2525FDCB00BC5DC9 /* Repository */,
				40766D2C2525C27A0033E56A /* Stubs */,
				40F9037D2524AEE800F43728 /* Client */,
			);
			path = Data;
			sourceTree = "<group>";
		};
		40F903802524AFA800F43728 /* Model */ = {
			isa = PBXGroup;
			children = (
				40F903822524AFE800F43728 /* MovieTests.swift */,
			);
			path = Model;
			sourceTree = "<group>";
		};
		54037A282731E2AC002F7AFF /* UI */ = {
			isa = PBXGroup;
			children = (
				5460E362275FF0600019AA63 /* LoaderView.swift */,
				5460E366276290200019AA63 /* CarouselView.swift */,
				5460E3722762A60C0019AA63 /* ErrorView.swift */,
				5460E3762762AF730019AA63 /* TwoColumnsGrid.swift */,
				5460E37A2762B5480019AA63 /* EmptyView.swift */,
			);
			path = UI;
			sourceTree = "<group>";
		};
		54838A65251AB30300CB2F2A /* Extensions */ = {
			isa = PBXGroup;
			children = (
				40EF5CF2250A51D300837587 /* Utils.swift */,
				54838A66251AB31D00CB2F2A /* Double+truncate.swift */,
				4008D46F251B4E1A002F642D /* Constants.swift */,
				4026ED9A251C853500BF5585 /* Bundle.swift */,
				5460E368276299910019AA63 /* UIImage+shadow.swift */,
				5460E3782762B0760019AA63 /* View.swift */,
				5460E37F27652D6C0019AA63 /* CGFloat.swift */,
			);
			path = Extensions;
			sourceTree = "<group>";
		};
		5483B42A251D3BCC008A344A /* Home */ = {
			isa = PBXGroup;
			children = (
				4096F0EC25220E8100E21B85 /* Composants */,
				405E3127251CD95D00DB3E9A /* HomeScreen.swift */,
				4096F0D42521DF7400E21B85 /* HomeScreenViewModel.swift */,
			);
			path = Home;
			sourceTree = "<group>";
		};
		5483B42B251D3BE7008A344A /* List */ = {
			isa = PBXGroup;
			children = (
				4096F0DF2522007C00E21B85 /* Components */,
				404C868325124825004BC567 /* ListScreen.swift */,
				4085FC5F25137245001FF728 /* ListScreenViewModel.swift */,
			);
			path = List;
			sourceTree = "<group>";
		};
		7C7564926BB7048880A39035 /* Frameworks */ = {
			isa = PBXGroup;
			children = (
				E8D17D038DE9D5F0A3AD675D /* libPods-MoviesSwiftUI.a */,
				5425BED5FA0A4BF5864A09B7 /* libPods-MoviesSwiftUITests.a */,
			);
			name = Frameworks;
			sourceTree = "<group>";
		};
		CC445889AA65D2FDD597D390 /* Pods */ = {
			isa = PBXGroup;
			children = (
				764F2AE3AD45999B719AEB1F /* Pods-MoviesSwiftUI.debug.xcconfig */,
				B1D36DD21352CB36E004B132 /* Pods-MoviesSwiftUI.release.xcconfig */,
				BA1B1ECAA25FF10BDD5669C0 /* Pods-MoviesSwiftUITests.debug.xcconfig */,
				F2B292E8A0744ADA94C4040B /* Pods-MoviesSwiftUITests.release.xcconfig */,
			);
			path = Pods;
			sourceTree = "<group>";
		};
/* End PBXGroup section */

/* Begin PBXNativeTarget section */
		40C6B5FE2524863800707A74 /* MoviesSwiftUITests */ = {
			isa = PBXNativeTarget;
			buildConfigurationList = 40C6B6082524863800707A74 /* Build configuration list for PBXNativeTarget "MoviesSwiftUITests" */;
			buildPhases = (
				F60E9FA26B441CEB35507E2C /* [CP] Check Pods Manifest.lock */,
				40C6B5FB2524863800707A74 /* Sources */,
				40C6B5FC2524863800707A74 /* Frameworks */,
				40C6B5FD2524863800707A74 /* Resources */,
			);
			buildRules = (
			);
			dependencies = (
				40C6B6052524863800707A74 /* PBXTargetDependency */,
			);
			name = MoviesSwiftUITests;
			productName = MoviesSwiftUITests;
			productReference = 40C6B5FF2524863800707A74 /* MoviesSwiftUITests.xctest */;
			productType = "com.apple.product-type.bundle.unit-test";
		};
		40EF5CCA250A4AA500837587 /* MoviesSwiftUI */ = {
			isa = PBXNativeTarget;
			buildConfigurationList = 40EF5CDF250A4AA600837587 /* Build configuration list for PBXNativeTarget "MoviesSwiftUI" */;
			buildPhases = (
				E4C8FD91ED8FC37ABEEA7BC9 /* [CP] Check Pods Manifest.lock */,
				40EF5CC7250A4AA500837587 /* Sources */,
				40EF5CC8250A4AA500837587 /* Frameworks */,
				40EF5CC9250A4AA500837587 /* Resources */,
			);
			buildRules = (
			);
			dependencies = (
			);
			name = MoviesSwiftUI;
			packageProductDependencies = (
				5460E360275FEAD60019AA63 /* SwiftUItilities */,
			);
			productName = MoviesSwiftUI;
			productReference = 40EF5CCB250A4AA500837587 /* MoviesSwiftUI.app */;
			productType = "com.apple.product-type.application";
		};
/* End PBXNativeTarget section */

/* Begin PBXProject section */
		40EF5CC3250A4AA500837587 /* Project object */ = {
			isa = PBXProject;
			attributes = {
				LastSwiftUpdateCheck = 1200;
				LastUpgradeCheck = 1170;
				ORGANIZATIONNAME = cristian;
				TargetAttributes = {
					40C6B5FE2524863800707A74 = {
						CreatedOnToolsVersion = 12.0.1;
						TestTargetID = 40EF5CCA250A4AA500837587;
					};
					40EF5CCA250A4AA500837587 = {
						CreatedOnToolsVersion = 11.7;
					};
				};
			};
			buildConfigurationList = 40EF5CC6250A4AA500837587 /* Build configuration list for PBXProject "MoviesSwiftUI" */;
			compatibilityVersion = "Xcode 9.3";
			developmentRegion = en;
			hasScannedForEncodings = 0;
			knownRegions = (
				en,
				Base,
			);
			mainGroup = 40EF5CC2250A4AA500837587;
			packageReferences = (
				5460E35F275FEAD60019AA63 /* XCRemoteSwiftPackageReference "swiftuitilities" */,
			);
			productRefGroup = 40EF5CCC250A4AA500837587 /* Products */;
			projectDirPath = "";
			projectRoot = "";
			targets = (
				40EF5CCA250A4AA500837587 /* MoviesSwiftUI */,
				40C6B5FE2524863800707A74 /* MoviesSwiftUITests */,
			);
		};
/* End PBXProject section */

/* Begin PBXResourcesBuildPhase section */
		40C6B5FD2524863800707A74 /* Resources */ = {
			isa = PBXResourcesBuildPhase;
			buildActionMask = 2147483647;
			files = (
				40F07E002525E04600AB17CA /* movie_list.json in Resources */,
				40766D2E2525C2970033E56A /* genres.json in Resources */,
				4095FE06252B54BA00C8E519 /* credit_info.json in Resources */,
			);
			runOnlyForDeploymentPostprocessing = 0;
		};
		40EF5CC9250A4AA500837587 /* Resources */ = {
			isa = PBXResourcesBuildPhase;
			buildActionMask = 2147483647;
			files = (
				54099E152513D907006446AD /* movie_list.json in Resources */,
				40EF5CDB250A4AA600837587 /* LaunchScreen.storyboard in Resources */,
				54099E162513D907006446AD /* movie_info.json in Resources */,
				40853416251A46D200127D3B /* Colors.xcassets in Resources */,
				54099E172513D907006446AD /* search_movie.json in Resources */,
				4026ED99251C84CE00BF5585 /* credit_info.json in Resources */,
				40EF5CD5250A4AA600837587 /* Assets.xcassets in Resources */,
			);
			runOnlyForDeploymentPostprocessing = 0;
		};
/* End PBXResourcesBuildPhase section */

/* Begin PBXShellScriptBuildPhase section */
		E4C8FD91ED8FC37ABEEA7BC9 /* [CP] Check Pods Manifest.lock */ = {
			isa = PBXShellScriptBuildPhase;
			buildActionMask = 2147483647;
			files = (
			);
			inputFileListPaths = (
			);
			inputPaths = (
				"${PODS_PODFILE_DIR_PATH}/Podfile.lock",
				"${PODS_ROOT}/Manifest.lock",
			);
			name = "[CP] Check Pods Manifest.lock";
			outputFileListPaths = (
			);
			outputPaths = (
				"$(DERIVED_FILE_DIR)/Pods-MoviesSwiftUI-checkManifestLockResult.txt",
			);
			runOnlyForDeploymentPostprocessing = 0;
			shellPath = /bin/sh;
			shellScript = "diff \"${PODS_PODFILE_DIR_PATH}/Podfile.lock\" \"${PODS_ROOT}/Manifest.lock\" > /dev/null\nif [ $? != 0 ] ; then\n    # print error to STDERR\n    echo \"error: The sandbox is not in sync with the Podfile.lock. Run 'pod install' or update your CocoaPods installation.\" >&2\n    exit 1\nfi\n# This output is used by Xcode 'outputs' to avoid re-running this script phase.\necho \"SUCCESS\" > \"${SCRIPT_OUTPUT_FILE_0}\"\n";
			showEnvVarsInLog = 0;
		};
		F60E9FA26B441CEB35507E2C /* [CP] Check Pods Manifest.lock */ = {
			isa = PBXShellScriptBuildPhase;
			buildActionMask = 2147483647;
			files = (
			);
			inputFileListPaths = (
			);
			inputPaths = (
				"${PODS_PODFILE_DIR_PATH}/Podfile.lock",
				"${PODS_ROOT}/Manifest.lock",
			);
			name = "[CP] Check Pods Manifest.lock";
			outputFileListPaths = (
			);
			outputPaths = (
				"$(DERIVED_FILE_DIR)/Pods-MoviesSwiftUITests-checkManifestLockResult.txt",
			);
			runOnlyForDeploymentPostprocessing = 0;
			shellPath = /bin/sh;
			shellScript = "diff \"${PODS_PODFILE_DIR_PATH}/Podfile.lock\" \"${PODS_ROOT}/Manifest.lock\" > /dev/null\nif [ $? != 0 ] ; then\n    # print error to STDERR\n    echo \"error: The sandbox is not in sync with the Podfile.lock. Run 'pod install' or update your CocoaPods installation.\" >&2\n    exit 1\nfi\n# This output is used by Xcode 'outputs' to avoid re-running this script phase.\necho \"SUCCESS\" > \"${SCRIPT_OUTPUT_FILE_0}\"\n";
			showEnvVarsInLog = 0;
		};
/* End PBXShellScriptBuildPhase section */

/* Begin PBXSourcesBuildPhase section */
		40C6B5FB2524863800707A74 /* Sources */ = {
			isa = PBXSourcesBuildPhase;
			buildActionMask = 2147483647;
			files = (
				404B3B442525ED9A00BC5DC9 /* MoviesListViewModelTestCase.swift in Sources */,
				40766D232525BFFB0033E56A /* MoviesDetailViewModelTestCase.swift in Sources */,
				40F90371252486C900F43728 /* MoviesHomeViewModelTestCase.swift in Sources */,
				40F903782524ACFF00F43728 /* MockMovieDbApi.swift in Sources */,
				40F9039B2524CCFA00F43728 /* ActorViewModelTestCase.swift in Sources */,
				404B3B532525FE5000BC5DC9 /* MockMovieRepositoryOutput.swift in Sources */,
				40766D3C2525C7840033E56A /* StubsTestCase.swift in Sources */,
				40766D272525C1D90033E56A /* CategoriesViewModelTestCase.swift in Sources */,
				40F903892524B5B800F43728 /* MockMovieRepository.swift in Sources */,
				404B3B342525E46900BC5DC9 /* Bundle+loadData.swift in Sources */,
				404B3B4D2525FE1D00BC5DC9 /* MovieRepositoryTestCase.swift in Sources */,
				40F903832524AFE800F43728 /* MovieTests.swift in Sources */,
				404B3B482525EFAF00BC5DC9 /* MovieSearchViewModelTestCase.swift in Sources */,
				404B3B3E2525E58800BC5DC9 /* MoviesMoreViewModelTest.swift in Sources */,
				40766D342525C3170033E56A /* Stubs.swift in Sources */,
				404B3B5C252609C800BC5DC9 /* MoyaMovieDbTests.swift in Sources */,
			);
			runOnlyForDeploymentPostprocessing = 0;
		};
		40EF5CC7250A4AA500837587 /* Sources */ = {
			isa = PBXSourcesBuildPhase;
			buildActionMask = 2147483647;
			files = (
				40C38110250B7CCE00EC7471 /* DetailScreenViewModel.swift in Sources */,
				4085340D251A155D00127D3B /* MoviesRow.swift in Sources */,
				4096F0D52521DF7400E21B85 /* HomeScreenViewModel.swift in Sources */,
				40EF5D14250B736800837587 /* MoreScreen.swift in Sources */,
				4096F0D32521D60C00E21B85 /* GenresResponse.swift in Sources */,
				40EF5CCF250A4AA500837587 /* AppDelegate.swift in Sources */,
				4096F0EB252201BE00E21B85 /* MovieDetailHeader.swift in Sources */,
				4096F0DA2521E32500E21B85 /* CategoriesScreenViewModel.swift in Sources */,
				5460E38027652D6D0019AA63 /* CGFloat.swift in Sources */,
				4096F0E62522015400E21B85 /* CastCaroussel.swift in Sources */,
				5460E36F27629D590019AA63 /* HomeMoviesGrid.swift in Sources */,
				405E0C902518A0F800FFD7EC /* MovieDb.swift in Sources */,
				40EF5CF3250A51D300837587 /* Utils.swift in Sources */,
				4096F0F72522127D00E21B85 /* ActorViewHeader.swift in Sources */,
				4085FC6025137245001FF728 /* ListScreenViewModel.swift in Sources */,
				4096F0F9252213D000E21B85 /* KnownForView.swift in Sources */,
				40EF5CEF250A4E6F00837587 /* MovieRepository.swift in Sources */,
				4026ED9B251C853500BF5585 /* Bundle.swift in Sources */,
				40EF5D09250A691D00837587 /* DiscoverCarousel.swift in Sources */,
				40C38118250BB1CA00EC7471 /* SearchBar.swift in Sources */,
				5460E3772762AF730019AA63 /* TwoColumnsGrid.swift in Sources */,
				40EF5CD1250A4AA500837587 /* SceneDelegate.swift in Sources */,
				40C3811C250BBA9600EC7471 /* MovieSearchViewModel.swift in Sources */,
				5460E367276290200019AA63 /* CarouselView.swift in Sources */,
				5460E36B27629A5C0019AA63 /* TabModel.swift in Sources */,
				40DE0B172513431800F62358 /* MovieDbApi.swift in Sources */,
				405E3128251CD95D00DB3E9A /* HomeScreen.swift in Sources */,
				404C868425124825004BC567 /* ListScreen.swift in Sources */,
				5460E3732762A60C0019AA63 /* ErrorView.swift in Sources */,
				403FC1B52511F4E200C1B464 /* MoreScreenViewModel.swift in Sources */,
				40C38122250BC00F00EC7471 /* MovieCredits.swift in Sources */,
				5460E3712762A3CB0019AA63 /* HomeCategorySection.swift in Sources */,
				5460E3792762B0760019AA63 /* View.swift in Sources */,
				5460E36527628FEB0019AA63 /* PopularCarouselCard.swift in Sources */,
				40C38126250BC02F00EC7471 /* MovieCrew.swift in Sources */,
				40C38116250BB15100EC7471 /* MovieSearchView.swift in Sources */,
				401EA402251B94A400AB420F /* ActorViewModel.swift in Sources */,
				5460E369276299910019AA63 /* UIImage+shadow.swift in Sources */,
				40C38128250BC06A00EC7471 /* MovieVideoResponse.swift in Sources */,
				4008D470251B4E1A002F642D /* Constants.swift in Sources */,
				40C38124250BC02000EC7471 /* MovieCast.swift in Sources */,
				40EF5D10250A6E5E00837587 /* ActivityIndicatorView.swift in Sources */,
				54838A67251AB31D00CB2F2A /* Double+truncate.swift in Sources */,
				5460E3752762AA6A0019AA63 /* HomeSectionHeading.swift in Sources */,
				40EF5CD3250A4AA500837587 /* TabbarScreen.swift in Sources */,
				4096F0D82521E28E00E21B85 /* CategoriesScreen.swift in Sources */,
				4096F0E4252200FE00E21B85 /* MovieDetailInfo.swift in Sources */,
				40C3811E250BBFE100EC7471 /* MovieResponse.swift in Sources */,
				40EF5D12250A6F3000837587 /* LoadingView.swift in Sources */,
				4095FE2E252C773A00C8E519 /* Error.swift in Sources */,
				5460E37B2762B5480019AA63 /* EmptyView.swift in Sources */,
				4008D473251B792A002F642D /* ActorScreen.swift in Sources */,
				401EA3FF251B923F00AB420F /* CreditsResponse.swift in Sources */,
				5460E36D27629B7B0019AA63 /* HomeCaroussel.swift in Sources */,
				4096F0F42522100300E21B85 /* CategoryButton.swift in Sources */,
				5460E363275FF0600019AA63 /* LoaderView.swift in Sources */,
				40853414251A2CBC00127D3B /* DetailScreen.swift in Sources */,
			);
			runOnlyForDeploymentPostprocessing = 0;
		};
/* End PBXSourcesBuildPhase section */

/* Begin PBXTargetDependency section */
		40C6B6052524863800707A74 /* PBXTargetDependency */ = {
			isa = PBXTargetDependency;
			target = 40EF5CCA250A4AA500837587 /* MoviesSwiftUI */;
			targetProxy = 40C6B6042524863800707A74 /* PBXContainerItemProxy */;
		};
/* End PBXTargetDependency section */

/* Begin PBXVariantGroup section */
		40EF5CD9250A4AA600837587 /* LaunchScreen.storyboard */ = {
			isa = PBXVariantGroup;
			children = (
				40EF5CDA250A4AA600837587 /* Base */,
			);
			name = LaunchScreen.storyboard;
			sourceTree = "<group>";
		};
/* End PBXVariantGroup section */

/* Begin XCBuildConfiguration section */
		40C6B6062524863800707A74 /* Debug */ = {
			isa = XCBuildConfiguration;
			baseConfigurationReference = BA1B1ECAA25FF10BDD5669C0 /* Pods-MoviesSwiftUITests.debug.xcconfig */;
			buildSettings = {
				BUNDLE_LOADER = "$(TEST_HOST)";
				CLANG_WARN_QUOTED_INCLUDE_IN_FRAMEWORK_HEADER = YES;
				CODE_SIGN_STYLE = Automatic;
				INFOPLIST_FILE = MoviesSwiftUITests/Info.plist;
				IPHONEOS_DEPLOYMENT_TARGET = 14.0;
				LD_RUNPATH_SEARCH_PATHS = (
					"$(inherited)",
					"@executable_path/Frameworks",
					"@loader_path/Frameworks",
				);
				PRODUCT_BUNDLE_IDENTIFIER = "fr.v-labs.MoviesSwiftUITests";
				PRODUCT_NAME = "$(TARGET_NAME)";
				SWIFT_VERSION = 5.0;
				TARGETED_DEVICE_FAMILY = "1,2";
				TEST_HOST = "$(BUILT_PRODUCTS_DIR)/MoviesSwiftUI.app/MoviesSwiftUI";
			};
			name = Debug;
		};
		40C6B6072524863800707A74 /* Release */ = {
			isa = XCBuildConfiguration;
			baseConfigurationReference = F2B292E8A0744ADA94C4040B /* Pods-MoviesSwiftUITests.release.xcconfig */;
			buildSettings = {
				BUNDLE_LOADER = "$(TEST_HOST)";
				CLANG_WARN_QUOTED_INCLUDE_IN_FRAMEWORK_HEADER = YES;
				CODE_SIGN_STYLE = Automatic;
				INFOPLIST_FILE = MoviesSwiftUITests/Info.plist;
				IPHONEOS_DEPLOYMENT_TARGET = 14.0;
				LD_RUNPATH_SEARCH_PATHS = (
					"$(inherited)",
					"@executable_path/Frameworks",
					"@loader_path/Frameworks",
				);
				PRODUCT_BUNDLE_IDENTIFIER = "fr.v-labs.MoviesSwiftUITests";
				PRODUCT_NAME = "$(TARGET_NAME)";
				SWIFT_VERSION = 5.0;
				TARGETED_DEVICE_FAMILY = "1,2";
				TEST_HOST = "$(BUILT_PRODUCTS_DIR)/MoviesSwiftUI.app/MoviesSwiftUI";
			};
			name = Release;
		};
		40EF5CDD250A4AA600837587 /* Debug */ = {
			isa = XCBuildConfiguration;
			buildSettings = {
				ALWAYS_SEARCH_USER_PATHS = NO;
				CLANG_ANALYZER_NONNULL = YES;
				CLANG_ANALYZER_NUMBER_OBJECT_CONVERSION = YES_AGGRESSIVE;
				CLANG_CXX_LANGUAGE_STANDARD = "gnu++14";
				CLANG_CXX_LIBRARY = "libc++";
				CLANG_ENABLE_MODULES = YES;
				CLANG_ENABLE_OBJC_ARC = YES;
				CLANG_ENABLE_OBJC_WEAK = YES;
				CLANG_WARN_BLOCK_CAPTURE_AUTORELEASING = YES;
				CLANG_WARN_BOOL_CONVERSION = YES;
				CLANG_WARN_COMMA = YES;
				CLANG_WARN_CONSTANT_CONVERSION = YES;
				CLANG_WARN_DEPRECATED_OBJC_IMPLEMENTATIONS = YES;
				CLANG_WARN_DIRECT_OBJC_ISA_USAGE = YES_ERROR;
				CLANG_WARN_DOCUMENTATION_COMMENTS = YES;
				CLANG_WARN_EMPTY_BODY = YES;
				CLANG_WARN_ENUM_CONVERSION = YES;
				CLANG_WARN_INFINITE_RECURSION = YES;
				CLANG_WARN_INT_CONVERSION = YES;
				CLANG_WARN_NON_LITERAL_NULL_CONVERSION = YES;
				CLANG_WARN_OBJC_IMPLICIT_RETAIN_SELF = YES;
				CLANG_WARN_OBJC_LITERAL_CONVERSION = YES;
				CLANG_WARN_OBJC_ROOT_CLASS = YES_ERROR;
				CLANG_WARN_RANGE_LOOP_ANALYSIS = YES;
				CLANG_WARN_STRICT_PROTOTYPES = YES;
				CLANG_WARN_SUSPICIOUS_MOVE = YES;
				CLANG_WARN_UNGUARDED_AVAILABILITY = YES_AGGRESSIVE;
				CLANG_WARN_UNREACHABLE_CODE = YES;
				CLANG_WARN__DUPLICATE_METHOD_MATCH = YES;
				COPY_PHASE_STRIP = NO;
				DEBUG_INFORMATION_FORMAT = dwarf;
				ENABLE_STRICT_OBJC_MSGSEND = YES;
				ENABLE_TESTABILITY = YES;
				GCC_C_LANGUAGE_STANDARD = gnu11;
				GCC_DYNAMIC_NO_PIC = NO;
				GCC_NO_COMMON_BLOCKS = YES;
				GCC_OPTIMIZATION_LEVEL = 0;
				GCC_PREPROCESSOR_DEFINITIONS = (
					"DEBUG=1",
					"$(inherited)",
				);
				GCC_WARN_64_TO_32_BIT_CONVERSION = YES;
				GCC_WARN_ABOUT_RETURN_TYPE = YES_ERROR;
				GCC_WARN_UNDECLARED_SELECTOR = YES;
				GCC_WARN_UNINITIALIZED_AUTOS = YES_AGGRESSIVE;
				GCC_WARN_UNUSED_FUNCTION = YES;
				GCC_WARN_UNUSED_VARIABLE = YES;
				IPHONEOS_DEPLOYMENT_TARGET = 13.7;
				MTL_ENABLE_DEBUG_INFO = INCLUDE_SOURCE;
				MTL_FAST_MATH = YES;
				ONLY_ACTIVE_ARCH = YES;
				SDKROOT = iphoneos;
				SWIFT_ACTIVE_COMPILATION_CONDITIONS = DEBUG;
				SWIFT_OPTIMIZATION_LEVEL = "-Onone";
			};
			name = Debug;
		};
		40EF5CDE250A4AA600837587 /* Release */ = {
			isa = XCBuildConfiguration;
			buildSettings = {
				ALWAYS_SEARCH_USER_PATHS = NO;
				CLANG_ANALYZER_NONNULL = YES;
				CLANG_ANALYZER_NUMBER_OBJECT_CONVERSION = YES_AGGRESSIVE;
				CLANG_CXX_LANGUAGE_STANDARD = "gnu++14";
				CLANG_CXX_LIBRARY = "libc++";
				CLANG_ENABLE_MODULES = YES;
				CLANG_ENABLE_OBJC_ARC = YES;
				CLANG_ENABLE_OBJC_WEAK = YES;
				CLANG_WARN_BLOCK_CAPTURE_AUTORELEASING = YES;
				CLANG_WARN_BOOL_CONVERSION = YES;
				CLANG_WARN_COMMA = YES;
				CLANG_WARN_CONSTANT_CONVERSION = YES;
				CLANG_WARN_DEPRECATED_OBJC_IMPLEMENTATIONS = YES;
				CLANG_WARN_DIRECT_OBJC_ISA_USAGE = YES_ERROR;
				CLANG_WARN_DOCUMENTATION_COMMENTS = YES;
				CLANG_WARN_EMPTY_BODY = YES;
				CLANG_WARN_ENUM_CONVERSION = YES;
				CLANG_WARN_INFINITE_RECURSION = YES;
				CLANG_WARN_INT_CONVERSION = YES;
				CLANG_WARN_NON_LITERAL_NULL_CONVERSION = YES;
				CLANG_WARN_OBJC_IMPLICIT_RETAIN_SELF = YES;
				CLANG_WARN_OBJC_LITERAL_CONVERSION = YES;
				CLANG_WARN_OBJC_ROOT_CLASS = YES_ERROR;
				CLANG_WARN_RANGE_LOOP_ANALYSIS = YES;
				CLANG_WARN_STRICT_PROTOTYPES = YES;
				CLANG_WARN_SUSPICIOUS_MOVE = YES;
				CLANG_WARN_UNGUARDED_AVAILABILITY = YES_AGGRESSIVE;
				CLANG_WARN_UNREACHABLE_CODE = YES;
				CLANG_WARN__DUPLICATE_METHOD_MATCH = YES;
				COPY_PHASE_STRIP = NO;
				DEBUG_INFORMATION_FORMAT = "dwarf-with-dsym";
				ENABLE_NS_ASSERTIONS = NO;
				ENABLE_STRICT_OBJC_MSGSEND = YES;
				GCC_C_LANGUAGE_STANDARD = gnu11;
				GCC_NO_COMMON_BLOCKS = YES;
				GCC_WARN_64_TO_32_BIT_CONVERSION = YES;
				GCC_WARN_ABOUT_RETURN_TYPE = YES_ERROR;
				GCC_WARN_UNDECLARED_SELECTOR = YES;
				GCC_WARN_UNINITIALIZED_AUTOS = YES_AGGRESSIVE;
				GCC_WARN_UNUSED_FUNCTION = YES;
				GCC_WARN_UNUSED_VARIABLE = YES;
				IPHONEOS_DEPLOYMENT_TARGET = 13.7;
				MTL_ENABLE_DEBUG_INFO = NO;
				MTL_FAST_MATH = YES;
				SDKROOT = iphoneos;
				SWIFT_COMPILATION_MODE = wholemodule;
				SWIFT_OPTIMIZATION_LEVEL = "-O";
				VALIDATE_PRODUCT = YES;
			};
			name = Release;
		};
		40EF5CE0250A4AA600837587 /* Debug */ = {
			isa = XCBuildConfiguration;
			baseConfigurationReference = 764F2AE3AD45999B719AEB1F /* Pods-MoviesSwiftUI.debug.xcconfig */;
			buildSettings = {
				ASSETCATALOG_COMPILER_APPICON_NAME = AppIcon;
				CODE_SIGN_STYLE = Automatic;
				DEVELOPMENT_TEAM = V73WZ9Y4HH;
				ENABLE_PREVIEWS = YES;
				INFOPLIST_FILE = MoviesSwiftUI/Info.plist;
				IPHONEOS_DEPLOYMENT_TARGET = 15.0;
				LD_RUNPATH_SEARCH_PATHS = (
					"$(inherited)",
					"@executable_path/Frameworks",
				);
				PRODUCT_BUNDLE_IDENTIFIER = lat.cristian.MoviesSwiftUI;
				PRODUCT_NAME = "$(TARGET_NAME)";
				SWIFT_VERSION = 5.0;
				TARGETED_DEVICE_FAMILY = "1,2";
			};
			name = Debug;
		};
		40EF5CE1250A4AA600837587 /* Release */ = {
			isa = XCBuildConfiguration;
			baseConfigurationReference = B1D36DD21352CB36E004B132 /* Pods-MoviesSwiftUI.release.xcconfig */;
			buildSettings = {
				ASSETCATALOG_COMPILER_APPICON_NAME = AppIcon;
				CODE_SIGN_STYLE = Automatic;
				DEVELOPMENT_TEAM = V73WZ9Y4HH;
				ENABLE_PREVIEWS = YES;
				INFOPLIST_FILE = MoviesSwiftUI/Info.plist;
				IPHONEOS_DEPLOYMENT_TARGET = 15.0;
				LD_RUNPATH_SEARCH_PATHS = (
					"$(inherited)",
					"@executable_path/Frameworks",
				);
				PRODUCT_BUNDLE_IDENTIFIER = lat.cristian.MoviesSwiftUI;
				PRODUCT_NAME = "$(TARGET_NAME)";
				SWIFT_VERSION = 5.0;
				TARGETED_DEVICE_FAMILY = "1,2";
			};
			name = Release;
		};
/* End XCBuildConfiguration section */

/* Begin XCConfigurationList section */
		40C6B6082524863800707A74 /* Build configuration list for PBXNativeTarget "MoviesSwiftUITests" */ = {
			isa = XCConfigurationList;
			buildConfigurations = (
				40C6B6062524863800707A74 /* Debug */,
				40C6B6072524863800707A74 /* Release */,
			);
			defaultConfigurationIsVisible = 0;
			defaultConfigurationName = Release;
		};
		40EF5CC6250A4AA500837587 /* Build configuration list for PBXProject "MoviesSwiftUI" */ = {
			isa = XCConfigurationList;
			buildConfigurations = (
				40EF5CDD250A4AA600837587 /* Debug */,
				40EF5CDE250A4AA600837587 /* Release */,
			);
			defaultConfigurationIsVisible = 0;
			defaultConfigurationName = Release;
		};
		40EF5CDF250A4AA600837587 /* Build configuration list for PBXNativeTarget "MoviesSwiftUI" */ = {
			isa = XCConfigurationList;
			buildConfigurations = (
				40EF5CE0250A4AA600837587 /* Debug */,
				40EF5CE1250A4AA600837587 /* Release */,
			);
			defaultConfigurationIsVisible = 0;
			defaultConfigurationName = Release;
		};
/* End XCConfigurationList section */

/* Begin XCRemoteSwiftPackageReference section */
		5460E35F275FEAD60019AA63 /* XCRemoteSwiftPackageReference "swiftuitilities" */ = {
			isa = XCRemoteSwiftPackageReference;
			repositoryURL = "https://github.com/crisrojas/swiftuitilities";
			requirement = {
				branch = main;
				kind = branch;
			};
		};
/* End XCRemoteSwiftPackageReference section */

/* Begin XCSwiftPackageProductDependency section */
		5460E360275FEAD60019AA63 /* SwiftUItilities */ = {
			isa = XCSwiftPackageProductDependency;
			package = 5460E35F275FEAD60019AA63 /* XCRemoteSwiftPackageReference "swiftuitilities" */;
			productName = SwiftUItilities;
		};
/* End XCSwiftPackageProductDependency section */
	};
	rootObject = 40EF5CC3250A4AA500837587 /* Project object */;
}
