{
  "object": {
    "pins": [
      {
        "package": "SwiftUItilities",
        "repositoryURL": "https://github.com/crisrojas/swiftuitilities",
        "state": {
          "branch": "main",
          "revision": "c68642b34be8c6a2da645f9be73e010cd9dbad45",
          "version": null
        }
      }
    ]
  },
  "version": 1
}
