{
  "object": {
    "pins": [
      {
        "package": "SwiftUItilities",
        "repositoryURL": "https://github.com/crisrojas/swiftuitilities",
        "state": {
          "branch": "main",
          "revision": "f7657d46e00a0704d2e0ad7373d4bfa6f575ce50",
          "version": null
        }
      }
    ]
  },
  "version": 1
}
